{
  "version": 4,
  "terraform_version": "0.12.25",
  "serial": 32,
  "lineage": "933ebfe0-4490-7614-5014-bc9ce419f045",
  "outputs": {
    "instance_private_ip1": {
      "value": [
        "10.1.20.2"
      ],
      "type": [
        "tuple",
        [
          "string"
        ]
      ]
    },
    "instance_private_ip2": {
      "value": [
        "10.1.21.2"
      ],
      "type": [
        "tuple",
        [
          "string"
        ]
      ]
    },
    "instance_public_ip1": {
      "value": [
        "129.146.165.57"
      ],
      "type": [
        "tuple",
        [
          "string"
        ]
      ]
    },
    "instance_public_ip2": {
      "value": [
        "129.146.253.21"
      ],
      "type": [
        "tuple",
        [
          "string"
        ]
      ]
    },
    "lb_public_ip": {
      "value": [
        [
          {
            "ip_address": "129.146.90.94",
            "is_public": true,
            "reserved_ip": [
              {
                "id": "ocid1.publicip.oc1.phx.amaaaaaajcdxrhqax2tdslsxch3pdnnnyrlbcbbbljhmo7jlivpw6tbkpvwq"
              }
            ]
          }
        ]
      ],
      "type": [
        "tuple",
        [
          [
            "list",
            [
              "object",
              {
                "ip_address": "string",
                "is_public": "bool",
                "reserved_ip": [
                  "list",
                  [
                    "object",
                    {
                      "id": "string"
                    }
                  ]
                ]
              }
            ]
          ]
        ]
      ]
    },
    "password1": {
      "value": [
        "EXJt#7VPA31k"
      ],
      "type": [
        "tuple",
        [
          "string"
        ]
      ]
    },
    "password2": {
      "value": [
        "YrKiw2CGLpxLD"
      ],
      "type": [
        "tuple",
        [
          "string"
        ]
      ]
    },
    "username1": {
      "value": [
        "opc"
      ],
      "type": [
        "tuple",
        [
          "string"
        ]
      ]
    },
    "username2": {
      "value": [
        "opc"
      ],
      "type": [
        "tuple",
        [
          "string"
        ]
      ]
    }
  },
  "resources": [
    {
      "mode": "data",
      "type": "oci_core_images",
      "name": "this",
      "provider": "provider.oci",
      "instances": [
        {
          "schema_version": 0,
          "attributes": {
            "compartment_id": "ocid1.compartment.oc1..aaaaaaaagxh5kocy6g6of5znwe35ckxn6ddkdqwoif7qjcx3igm2fareke2q",
            "display_name": null,
            "filter": null,
            "id": "CoreImagesDataSource-4224441851",
            "images": [
              {
                "agent_features": [],
                "base_image_id": "",
                "compartment_id": "",
                "create_image_allowed": true,
                "defined_tags": {},
                "display_name": "Windows-Server-2012-R2-Standard-Edition-VM-Gen2-2020.12.17-0",
                "freeform_tags": {},
                "id": "ocid1.image.oc1.phx.aaaaaaaacihuos4eplcokupp2jvcnoffuoby2lyq2wrqb722tawxxz5l64wq",
                "image_source_details": [],
                "instance_id": "",
                "launch_mode": "NATIVE",
                "launch_options": [
                  {
                    "boot_volume_type": "PARAVIRTUALIZED",
                    "firmware": "UEFI_64",
                    "is_consistent_volume_naming_enabled": false,
                    "is_pv_encryption_in_transit_enabled": true,
                    "network_type": "VFIO",
                    "remote_data_volume_type": "PARAVIRTUALIZED"
                  }
                ],
                "operating_system": "Windows",
                "operating_system_version": "Server 2012 R2 Standard",
                "size_in_mbs": "262144",
                "state": "AVAILABLE",
                "time_created": "2020-12-20 06:00:48.004 +0000 UTC"
              },
              {
                "agent_features": [],
                "base_image_id": "",
                "compartment_id": "",
                "create_image_allowed": true,
                "defined_tags": {},
                "display_name": "Windows-Server-2012-R2-Standard-Edition-VM-Gen2-2020.10.20-0",
                "freeform_tags": {},
                "id": "ocid1.image.oc1.phx.aaaaaaaafwue6fusa64te2fr7ktcyzxw3wcaj3xi4ryx77doikf535eato6a",
                "image_source_details": [],
                "instance_id": "",
                "launch_mode": "NATIVE",
                "launch_options": [
                  {
                    "boot_volume_type": "PARAVIRTUALIZED",
                    "firmware": "UEFI_64",
                    "is_consistent_volume_naming_enabled": false,
                    "is_pv_encryption_in_transit_enabled": true,
                    "network_type": "VFIO",
                    "remote_data_volume_type": "PARAVIRTUALIZED"
                  }
                ],
                "operating_system": "Windows",
                "operating_system_version": "Server 2012 R2 Standard",
                "size_in_mbs": "262144",
                "state": "AVAILABLE",
                "time_created": "2020-10-23 16:48:58.803 +0000 UTC"
              }
            ],
            "operating_system": "Windows",
            "operating_system_version": "Server 2012 R2 Standard",
            "shape": "VM.Standard2.1",
            "sort_by": "TIMECREATED",
            "sort_order": "DESC",
            "state": null
          }
        }
      ]
    },
    {
      "mode": "data",
      "type": "oci_core_instance_credentials",
      "name": "instance_credentials1",
      "provider": "provider.oci",
      "instances": [
        {
          "schema_version": 0,
          "attributes": {
            "id": "CoreInstanceCredentialDataSource-1059317118",
            "instance_id": "ocid1.instance.oc1.phx.anyhqljsjcdxrhqc5rxg25glhgtiwkbd3xbmazlbqa5nifvfqzvkcsj7kynq",
            "password": "EXJt#7VPA31k",
            "username": "opc"
          }
        }
      ]
    },
    {
      "mode": "data",
      "type": "oci_core_instance_credentials",
      "name": "instance_credentials2",
      "provider": "provider.oci",
      "instances": [
        {
          "schema_version": 0,
          "attributes": {
            "id": "CoreInstanceCredentialDataSource-1868134981",
            "instance_id": "ocid1.instance.oc1.phx.anyhqljtjcdxrhqcsi3loowl66ujhiafscnpuyo4r6jnkges4fzes7mx2seq",
            "password": "YrKiw2CGLpxLD",
            "username": "opc"
          }
        }
      ]
    },
    {
      "mode": "data",
      "type": "oci_identity_availability_domain",
      "name": "ad1",
      "provider": "provider.oci",
      "instances": [
        {
          "schema_version": 0,
          "attributes": {
            "ad_number": 1,
            "compartment_id": "ocid1.tenancy.oc1..aaaaaaaawgbzspd6cjovpmic7dahwbalg4opcbixgguo6z2s7t335m6lalbq",
            "id": "ocid1.availabilitydomain.oc1..aaaaaaaakemzo4ywaynz573sk4jpvwuqi7vmcuxajxfv4jjj2pthez3j2hbq",
            "name": "NyKp:PHX-AD-1"
          }
        }
      ]
    },
    {
      "mode": "data",
      "type": "oci_identity_availability_domain",
      "name": "ad2",
      "provider": "provider.oci",
      "instances": [
        {
          "schema_version": 0,
          "attributes": {
            "ad_number": 2,
            "compartment_id": "ocid1.tenancy.oc1..aaaaaaaawgbzspd6cjovpmic7dahwbalg4opcbixgguo6z2s7t335m6lalbq",
            "id": "ocid1.availabilitydomain.oc1..aaaaaaaaupx7ga46w4xbb3fnkoh7rtyumacyb3ek6bw7bt3qff3mgt3mbrlq",
            "name": "NyKp:PHX-AD-2"
          }
        }
      ]
    },
    {
      "mode": "data",
      "type": "oci_load_balancer_ssl_cipher_suites",
      "name": "test_ssl_cipher_suites",
      "provider": "provider.oci",
      "instances": [
        {
          "schema_version": 0,
          "attributes": {
            "filter": null,
            "id": "LoadBalancerSslCipherSuitesDataSource-1085249736",
            "load_balancer_id": "ocid1.loadbalancer.oc1.phx.aaaaaaaakyaql3auuplgsdzbn5b5s6737ow4rrskumvrqt76ghjc2dl6jpna",
            "ssl_cipher_suites": [
              {
                "ciphers": [
                  "AES128-SHA",
                  "AES256-SHA"
                ],
                "load_balancer_id": "",
                "name": "test_cipher_name",
                "state": ""
              }
            ]
          }
        }
      ]
    },
    {
      "mode": "data",
      "type": "template_cloudinit_config",
      "name": "cloudinit_config",
      "provider": "provider.template",
      "instances": [
        {
          "schema_version": 0,
          "attributes": {
            "base64_encode": true,
            "gzip": false,
            "id": "1764340223",
            "part": [
              {
                "content": "#ps1_sysnative\n\n# Template variables\n$user='opc'\n$password='Password~123'\n$computerName='TFWindows'\n\nWrite-Output \"Changing $user password\"\nnet user $user $password\nWrite-Output \"Changed $user password\"\n\nWrite-Output \"Configuring WinRM\"\n# Allow unencrypted if you wish to use http 5985 endpoint\nwinrm set winrm/config/service '@{AllowUnencrypted=\"true\"}'\n\n# Create a self-signed certificate to configure WinRM for HTTPS\n$cert = New-SelfSignedCertificate -CertStoreLocation 'Cert:\\LocalMachine\\My' -DnsName $computerName\nWrite-Output \"Self-signed SSL certificate generated with details: $cert\"\n\n$valueSet = @{\n    Hostname = $computerName\n    CertificateThumbprint = $cert.Thumbprint\n}\n\n$selectorSet = @{\n    Transport = \"HTTPS\"\n    Address = \"*\"\n}\n\n# Remove any prior HTTPS listener\n$listeners = Get-ChildItem WSMan:\\localhost\\Listener\nIf (!($listeners | Where {$_.Keys -like \"TRANSPORT=HTTPS\"}))\n{\n    Remove-WSManInstance -ResourceURI 'winrm/config/Listener' -SelectorSet $selectorSet\n}\n\nWrite-Output \"Enabling HTTPS listener\"\nNew-WSManInstance -ResourceURI 'winrm/config/Listener' -SelectorSet $selectorSet -ValueSet $valueSet\nWrite-Output \"Enabled HTTPS listener\"\n\nWrite-Output \"Configured WinRM\"\n\n",
                "content_type": "text/x-shellscript",
                "filename": "cloudinit.ps1",
                "merge_type": ""
              },
              {
                "content": "#cloud-config\nwrite_files:\n - path:     C:/init.ps1\n   content:  |\n     echo \"add your custom commands and scripts here\"\n\n# Depending on the image that is being used runcmd plugin may not be supported, you may use ps1_sysnative config instead\n# Windows-Server-2012-R2-Standard-Edition-VM-2018.07.19-0 - cloudbaseinit.plugins.common.userdataplugins.cloudconfig [-] Plugin 'runcmd' is currently not supported\nruncmd:\n - echo \"Hello from Terraform\"\n - powershell.exe \"C:/init.ps1\"\n\n# Depending on the image that is being used script plugin may not be supported, you may use ps1_sysnative config instead\n# Windows-Server-2012-R2-Standard-Edition-VM-2018.07.19-0 - cloudbaseinit.plugins.common.userdataplugins.cloudconfig [-] Plugin 'script' is currently not supported\nscript:      |\n  \u003cpowershell\u003e\n  winrm set winrm/config/client/auth '@{Basic=\"true\"}'\n  winrm set winrm/config/service/auth '@{Basic=\"true\"}'\n  winrm set winrm/config/service '@{AllowUnencrypted=\"true\"}'\n  winrm set winrm/config/winrs '@{MaxMemoryPerShellMB=\"600\"}'\n  winrm set winrm/config '@{MaxTimeoutms=\"3600000\"}'\n  $file = Join-Path -Path $env:SystemRoot -ChildPath (Get-Date).ToString(\"MM-dd-yy-hh-mm\")\n  New-Item $file -ItemType file -Value \"Hello from Terraform\"\n  \u003c/powershell\u003e\n\n",
                "content_type": "text/cloud-config",
                "filename": "cloudinit.yml",
                "merge_type": ""
              }
            ],
            "rendered": "Q29udGVudC1UeXBlOiBtdWx0aXBhcnQvbWl4ZWQ7IGJvdW5kYXJ5PSJNSU1FQk9VTkRBUlkiCk1JTUUtVmVyc2lvbjogMS4wDQoNCi0tTUlNRUJPVU5EQVJZDQpDb250ZW50LURpc3Bvc2l0aW9uOiBhdHRhY2htZW50OyBmaWxlbmFtZT0iY2xvdWRpbml0LnBzMSINCkNvbnRlbnQtVHJhbnNmZXItRW5jb2Rpbmc6IDdiaXQNCkNvbnRlbnQtVHlwZTogdGV4dC94LXNoZWxsc2NyaXB0DQpNaW1lLVZlcnNpb246IDEuMA0KDQojcHMxX3N5c25hdGl2ZQoKIyBUZW1wbGF0ZSB2YXJpYWJsZXMKJHVzZXI9J29wYycKJHBhc3N3b3JkPSdQYXNzd29yZH4xMjMnCiRjb21wdXRlck5hbWU9J1RGV2luZG93cycKCldyaXRlLU91dHB1dCAiQ2hhbmdpbmcgJHVzZXIgcGFzc3dvcmQiCm5ldCB1c2VyICR1c2VyICRwYXNzd29yZApXcml0ZS1PdXRwdXQgIkNoYW5nZWQgJHVzZXIgcGFzc3dvcmQiCgpXcml0ZS1PdXRwdXQgIkNvbmZpZ3VyaW5nIFdpblJNIgojIEFsbG93IHVuZW5jcnlwdGVkIGlmIHlvdSB3aXNoIHRvIHVzZSBodHRwIDU5ODUgZW5kcG9pbnQKd2lucm0gc2V0IHdpbnJtL2NvbmZpZy9zZXJ2aWNlICdAe0FsbG93VW5lbmNyeXB0ZWQ9InRydWUifScKCiMgQ3JlYXRlIGEgc2VsZi1zaWduZWQgY2VydGlmaWNhdGUgdG8gY29uZmlndXJlIFdpblJNIGZvciBIVFRQUwokY2VydCA9IE5ldy1TZWxmU2lnbmVkQ2VydGlmaWNhdGUgLUNlcnRTdG9yZUxvY2F0aW9uICdDZXJ0OlxMb2NhbE1hY2hpbmVcTXknIC1EbnNOYW1lICRjb21wdXRlck5hbWUKV3JpdGUtT3V0cHV0ICJTZWxmLXNpZ25lZCBTU0wgY2VydGlmaWNhdGUgZ2VuZXJhdGVkIHdpdGggZGV0YWlsczogJGNlcnQiCgokdmFsdWVTZXQgPSBAewogICAgSG9zdG5hbWUgPSAkY29tcHV0ZXJOYW1lCiAgICBDZXJ0aWZpY2F0ZVRodW1icHJpbnQgPSAkY2VydC5UaHVtYnByaW50Cn0KCiRzZWxlY3RvclNldCA9IEB7CiAgICBUcmFuc3BvcnQgPSAiSFRUUFMiCiAgICBBZGRyZXNzID0gIioiCn0KCiMgUmVtb3ZlIGFueSBwcmlvciBIVFRQUyBsaXN0ZW5lcgokbGlzdGVuZXJzID0gR2V0LUNoaWxkSXRlbSBXU01hbjpcbG9jYWxob3N0XExpc3RlbmVyCklmICghKCRsaXN0ZW5lcnMgfCBXaGVyZSB7JF8uS2V5cyAtbGlrZSAiVFJBTlNQT1JUPUhUVFBTIn0pKQp7CiAgICBSZW1vdmUtV1NNYW5JbnN0YW5jZSAtUmVzb3VyY2VVUkkgJ3dpbnJtL2NvbmZpZy9MaXN0ZW5lcicgLVNlbGVjdG9yU2V0ICRzZWxlY3RvclNldAp9CgpXcml0ZS1PdXRwdXQgIkVuYWJsaW5nIEhUVFBTIGxpc3RlbmVyIgpOZXctV1NNYW5JbnN0YW5jZSAtUmVzb3VyY2VVUkkgJ3dpbnJtL2NvbmZpZy9MaXN0ZW5lcicgLVNlbGVjdG9yU2V0ICRzZWxlY3RvclNldCAtVmFsdWVTZXQgJHZhbHVlU2V0CldyaXRlLU91dHB1dCAiRW5hYmxlZCBIVFRQUyBsaXN0ZW5lciIKCldyaXRlLU91dHB1dCAiQ29uZmlndXJlZCBXaW5STSIKCg0KLS1NSU1FQk9VTkRBUlkNCkNvbnRlbnQtRGlzcG9zaXRpb246IGF0dGFjaG1lbnQ7IGZpbGVuYW1lPSJjbG91ZGluaXQueW1sIg0KQ29udGVudC1UcmFuc2Zlci1FbmNvZGluZzogN2JpdA0KQ29udGVudC1UeXBlOiB0ZXh0L2Nsb3VkLWNvbmZpZw0KTWltZS1WZXJzaW9uOiAxLjANCg0KI2Nsb3VkLWNvbmZpZwp3cml0ZV9maWxlczoKIC0gcGF0aDogICAgIEM6L2luaXQucHMxCiAgIGNvbnRlbnQ6ICB8CiAgICAgZWNobyAiYWRkIHlvdXIgY3VzdG9tIGNvbW1hbmRzIGFuZCBzY3JpcHRzIGhlcmUiCgojIERlcGVuZGluZyBvbiB0aGUgaW1hZ2UgdGhhdCBpcyBiZWluZyB1c2VkIHJ1bmNtZCBwbHVnaW4gbWF5IG5vdCBiZSBzdXBwb3J0ZWQsIHlvdSBtYXkgdXNlIHBzMV9zeXNuYXRpdmUgY29uZmlnIGluc3RlYWQKIyBXaW5kb3dzLVNlcnZlci0yMDEyLVIyLVN0YW5kYXJkLUVkaXRpb24tVk0tMjAxOC4wNy4xOS0wIC0gY2xvdWRiYXNlaW5pdC5wbHVnaW5zLmNvbW1vbi51c2VyZGF0YXBsdWdpbnMuY2xvdWRjb25maWcgWy1dIFBsdWdpbiAncnVuY21kJyBpcyBjdXJyZW50bHkgbm90IHN1cHBvcnRlZApydW5jbWQ6CiAtIGVjaG8gIkhlbGxvIGZyb20gVGVycmFmb3JtIgogLSBwb3dlcnNoZWxsLmV4ZSAiQzovaW5pdC5wczEiCgojIERlcGVuZGluZyBvbiB0aGUgaW1hZ2UgdGhhdCBpcyBiZWluZyB1c2VkIHNjcmlwdCBwbHVnaW4gbWF5IG5vdCBiZSBzdXBwb3J0ZWQsIHlvdSBtYXkgdXNlIHBzMV9zeXNuYXRpdmUgY29uZmlnIGluc3RlYWQKIyBXaW5kb3dzLVNlcnZlci0yMDEyLVIyLVN0YW5kYXJkLUVkaXRpb24tVk0tMjAxOC4wNy4xOS0wIC0gY2xvdWRiYXNlaW5pdC5wbHVnaW5zLmNvbW1vbi51c2VyZGF0YXBsdWdpbnMuY2xvdWRjb25maWcgWy1dIFBsdWdpbiAnc2NyaXB0JyBpcyBjdXJyZW50bHkgbm90IHN1cHBvcnRlZApzY3JpcHQ6ICAgICAgfAogIDxwb3dlcnNoZWxsPgogIHdpbnJtIHNldCB3aW5ybS9jb25maWcvY2xpZW50L2F1dGggJ0B7QmFzaWM9InRydWUifScKICB3aW5ybSBzZXQgd2lucm0vY29uZmlnL3NlcnZpY2UvYXV0aCAnQHtCYXNpYz0idHJ1ZSJ9JwogIHdpbnJtIHNldCB3aW5ybS9jb25maWcvc2VydmljZSAnQHtBbGxvd1VuZW5jcnlwdGVkPSJ0cnVlIn0nCiAgd2lucm0gc2V0IHdpbnJtL2NvbmZpZy93aW5ycyAnQHtNYXhNZW1vcnlQZXJTaGVsbE1CPSI2MDAifScKICB3aW5ybSBzZXQgd2lucm0vY29uZmlnICdAe01heFRpbWVvdXRtcz0iMzYwMDAwMCJ9JwogICRmaWxlID0gSm9pbi1QYXRoIC1QYXRoICRlbnY6U3lzdGVtUm9vdCAtQ2hpbGRQYXRoIChHZXQtRGF0ZSkuVG9TdHJpbmcoIk1NLWRkLXl5LWhoLW1tIikKICBOZXctSXRlbSAkZmlsZSAtSXRlbVR5cGUgZmlsZSAtVmFsdWUgIkhlbGxvIGZyb20gVGVycmFmb3JtIgogIDwvcG93ZXJzaGVsbD4KCg0KLS1NSU1FQk9VTkRBUlktLQ0K"
          }
        }
      ]
    },
    {
      "mode": "data",
      "type": "template_file",
      "name": "cloudinit_ps1",
      "provider": "provider.template",
      "instances": [
        {
          "schema_version": 0,
          "attributes": {
            "filename": null,
            "id": "09d691a51ef23556bde49e261f6675773220f1faf16f800f7b6ea2a7516f840b",
            "rendered": "#ps1_sysnative\n\n# Template variables\n$user='opc'\n$password='Password~123'\n$computerName='TFWindows'\n\nWrite-Output \"Changing $user password\"\nnet user $user $password\nWrite-Output \"Changed $user password\"\n\nWrite-Output \"Configuring WinRM\"\n# Allow unencrypted if you wish to use http 5985 endpoint\nwinrm set winrm/config/service '@{AllowUnencrypted=\"true\"}'\n\n# Create a self-signed certificate to configure WinRM for HTTPS\n$cert = New-SelfSignedCertificate -CertStoreLocation 'Cert:\\LocalMachine\\My' -DnsName $computerName\nWrite-Output \"Self-signed SSL certificate generated with details: $cert\"\n\n$valueSet = @{\n    Hostname = $computerName\n    CertificateThumbprint = $cert.Thumbprint\n}\n\n$selectorSet = @{\n    Transport = \"HTTPS\"\n    Address = \"*\"\n}\n\n# Remove any prior HTTPS listener\n$listeners = Get-ChildItem WSMan:\\localhost\\Listener\nIf (!($listeners | Where {$_.Keys -like \"TRANSPORT=HTTPS\"}))\n{\n    Remove-WSManInstance -ResourceURI 'winrm/config/Listener' -SelectorSet $selectorSet\n}\n\nWrite-Output \"Enabling HTTPS listener\"\nNew-WSManInstance -ResourceURI 'winrm/config/Listener' -SelectorSet $selectorSet -ValueSet $valueSet\nWrite-Output \"Enabled HTTPS listener\"\n\nWrite-Output \"Configured WinRM\"\n\n",
            "template": "#ps1_sysnative\n\n# Template variables\n$user='${instance_user}'\n$password='${instance_password}'\n$computerName='${instance_name}'\n\nWrite-Output \"Changing $user password\"\nnet user $user $password\nWrite-Output \"Changed $user password\"\n\nWrite-Output \"Configuring WinRM\"\n# Allow unencrypted if you wish to use http 5985 endpoint\nwinrm set winrm/config/service '@{AllowUnencrypted=\"true\"}'\n\n# Create a self-signed certificate to configure WinRM for HTTPS\n$cert = New-SelfSignedCertificate -CertStoreLocation 'Cert:\\LocalMachine\\My' -DnsName $computerName\nWrite-Output \"Self-signed SSL certificate generated with details: $cert\"\n\n$valueSet = @{\n    Hostname = $computerName\n    CertificateThumbprint = $cert.Thumbprint\n}\n\n$selectorSet = @{\n    Transport = \"HTTPS\"\n    Address = \"*\"\n}\n\n# Remove any prior HTTPS listener\n$listeners = Get-ChildItem WSMan:\\localhost\\Listener\nIf (!($listeners | Where {$_.Keys -like \"TRANSPORT=HTTPS\"}))\n{\n    Remove-WSManInstance -ResourceURI 'winrm/config/Listener' -SelectorSet $selectorSet\n}\n\nWrite-Output \"Enabling HTTPS listener\"\nNew-WSManInstance -ResourceURI 'winrm/config/Listener' -SelectorSet $selectorSet -ValueSet $valueSet\nWrite-Output \"Enabled HTTPS listener\"\n\nWrite-Output \"Configured WinRM\"\n\n",
            "vars": {
              "instance_name": "TFWindows",
              "instance_password": "Password~123",
              "instance_user": "opc"
            }
          }
        }
      ]
    },
    {
      "mode": "managed",
      "type": "null_resource",
      "name": "remote-exec-windows1_1",
      "each": "list",
      "provider": "provider.null",
      "instances": [
        {
          "index_key": 0,
          "schema_version": 0,
          "attributes": {
            "id": "6364910490190440119",
            "triggers": null
          },
          "private": "bnVsbA==",
          "dependencies": [
            "null_resource.wait_for_cloudinit1",
            "oci_core_instance.instance1",
            "oci_core_instance.instance2",
            "oci_core_internet_gateway.internetgateway1",
            "oci_core_route_table.routetable1",
            "oci_core_security_list.securitylist1",
            "oci_core_subnet.subnet1",
            "oci_core_subnet.subnet2",
            "oci_core_vcn.vcn1"
          ]
        }
      ]
    },
    {
      "mode": "managed",
      "type": "null_resource",
      "name": "remote-exec-windows1_2",
      "provider": "provider.null",
      "instances": [
        {
          "schema_version": 0,
          "attributes": {
            "id": "8368661128951950039",
            "triggers": null
          },
          "private": "bnVsbA==",
          "dependencies": [
            "null_resource.remote-exec-windows1_1",
            "null_resource.wait_for_cloudinit1",
            "oci_core_instance.instance1",
            "oci_core_instance.instance2",
            "oci_core_internet_gateway.internetgateway1",
            "oci_core_route_table.routetable1",
            "oci_core_security_list.securitylist1",
            "oci_core_subnet.subnet1",
            "oci_core_subnet.subnet2",
            "oci_core_vcn.vcn1"
          ]
        }
      ]
    },
    {
      "mode": "managed",
      "type": "null_resource",
      "name": "remote-exec-windows2_1",
      "each": "list",
      "provider": "provider.null",
      "instances": [
        {
          "index_key": 0,
          "schema_version": 0,
          "attributes": {
            "id": "5055640388320371122",
            "triggers": null
          },
          "private": "bnVsbA==",
          "dependencies": [
            "null_resource.wait_for_cloudinit2",
            "oci_core_instance.instance2",
            "oci_core_internet_gateway.internetgateway1",
            "oci_core_route_table.routetable1",
            "oci_core_security_list.securitylist1",
            "oci_core_subnet.subnet2",
            "oci_core_vcn.vcn1"
          ]
        }
      ]
    },
    {
      "mode": "managed",
      "type": "null_resource",
      "name": "remote-exec-windows2_2",
      "provider": "provider.null",
      "instances": [
        {
          "schema_version": 0,
          "attributes": {
            "id": "7616202549536275275",
            "triggers": null
          },
          "private": "bnVsbA==",
          "dependencies": [
            "null_resource.remote-exec-windows2_1",
            "null_resource.wait_for_cloudinit2",
            "oci_core_instance.instance2",
            "oci_core_internet_gateway.internetgateway1",
            "oci_core_route_table.routetable1",
            "oci_core_security_list.securitylist1",
            "oci_core_subnet.subnet2",
            "oci_core_vcn.vcn1"
          ]
        }
      ]
    },
    {
      "mode": "managed",
      "type": "null_resource",
      "name": "wait_for_cloudinit1",
      "each": "list",
      "provider": "provider.null",
      "instances": [
        {
          "index_key": 0,
          "schema_version": 0,
          "attributes": {
            "id": "6096183434750786455",
            "triggers": null
          },
          "private": "bnVsbA==",
          "dependencies": [
            "oci_core_instance.instance1",
            "oci_core_internet_gateway.internetgateway1",
            "oci_core_route_table.routetable1",
            "oci_core_security_list.securitylist1",
            "oci_core_subnet.subnet1",
            "oci_core_vcn.vcn1"
          ]
        }
      ]
    },
    {
      "mode": "managed",
      "type": "null_resource",
      "name": "wait_for_cloudinit2",
      "each": "list",
      "provider": "provider.null",
      "instances": [
        {
          "index_key": 0,
          "schema_version": 0,
          "attributes": {
            "id": "343700448904965440",
            "triggers": null
          },
          "private": "bnVsbA==",
          "dependencies": [
            "oci_core_instance.instance2",
            "oci_core_internet_gateway.internetgateway1",
            "oci_core_route_table.routetable1",
            "oci_core_security_list.securitylist1",
            "oci_core_subnet.subnet2",
            "oci_core_vcn.vcn1"
          ]
        }
      ]
    },
    {
      "mode": "managed",
      "type": "oci_core_instance",
      "name": "instance1",
      "provider": "provider.oci",
      "instances": [
        {
          "schema_version": 0,
          "attributes": {
            "agent_config": [
              {
                "are_all_plugins_disabled": false,
                "is_management_disabled": false,
                "is_monitoring_disabled": false,
                "plugins_config": []
              }
            ],
            "availability_config": [
              {
                "recovery_action": "RESTORE_INSTANCE"
              }
            ],
            "availability_domain": "NyKp:PHX-AD-1",
            "boot_volume_id": "ocid1.bootvolume.oc1.phx.abyhqljs7b37ombk5sbf66ziyudmtl7wdhrystl2yziamecqztwfh6in3isa",
            "compartment_id": "ocid1.compartment.oc1..aaaaaaaagxh5kocy6g6of5znwe35ckxn6ddkdqwoif7qjcx3igm2fareke2q",
            "create_vnic_details": [
              {
                "assign_public_ip": "true",
                "defined_tags": {},
                "display_name": "be-instance1",
                "freeform_tags": {},
                "hostname_label": "be-instance1",
                "nsg_ids": [],
                "private_ip": "10.1.20.2",
                "skip_source_dest_check": false,
                "subnet_id": "ocid1.subnet.oc1.phx.aaaaaaaaev6tisr7m6rqv4alqpmangspe7jt6klzhx4w6jaqjlmgyrcjwu2q",
                "vlan_id": ""
              }
            ],
            "dedicated_vm_host_id": null,
            "defined_tags": {},
            "display_name": "be-instance1",
            "extended_metadata": {},
            "fault_domain": "FAULT-DOMAIN-2",
            "freeform_tags": {},
            "hostname_label": "be-instance1",
            "id": "ocid1.instance.oc1.phx.anyhqljsjcdxrhqc5rxg25glhgtiwkbd3xbmazlbqa5nifvfqzvkcsj7kynq",
            "image": "ocid1.image.oc1.phx.aaaaaaaacihuos4eplcokupp2jvcnoffuoby2lyq2wrqb722tawxxz5l64wq",
            "instance_options": [
              {
                "are_legacy_imds_endpoints_disabled": false
              }
            ],
            "ipxe_script": null,
            "is_pv_encryption_in_transit_enabled": null,
            "launch_mode": "NATIVE",
            "launch_options": [
              {
                "boot_volume_type": "PARAVIRTUALIZED",
                "firmware": "UEFI_64",
                "is_consistent_volume_naming_enabled": false,
                "is_pv_encryption_in_transit_enabled": false,
                "network_type": "VFIO",
                "remote_data_volume_type": "PARAVIRTUALIZED"
              }
            ],
            "metadata": {
              "user_data": "Q29udGVudC1UeXBlOiBtdWx0aXBhcnQvbWl4ZWQ7IGJvdW5kYXJ5PSJNSU1FQk9VTkRBUlkiCk1JTUUtVmVyc2lvbjogMS4wDQoNCi0tTUlNRUJPVU5EQVJZDQpDb250ZW50LURpc3Bvc2l0aW9uOiBhdHRhY2htZW50OyBmaWxlbmFtZT0iY2xvdWRpbml0LnBzMSINCkNvbnRlbnQtVHJhbnNmZXItRW5jb2Rpbmc6IDdiaXQNCkNvbnRlbnQtVHlwZTogdGV4dC94LXNoZWxsc2NyaXB0DQpNaW1lLVZlcnNpb246IDEuMA0KDQojcHMxX3N5c25hdGl2ZQoKIyBUZW1wbGF0ZSB2YXJpYWJsZXMKJHVzZXI9J29wYycKJHBhc3N3b3JkPSdQYXNzd29yZH4xMjMnCiRjb21wdXRlck5hbWU9J1RGV2luZG93cycKCldyaXRlLU91dHB1dCAiQ2hhbmdpbmcgJHVzZXIgcGFzc3dvcmQiCm5ldCB1c2VyICR1c2VyICRwYXNzd29yZApXcml0ZS1PdXRwdXQgIkNoYW5nZWQgJHVzZXIgcGFzc3dvcmQiCgpXcml0ZS1PdXRwdXQgIkNvbmZpZ3VyaW5nIFdpblJNIgojIEFsbG93IHVuZW5jcnlwdGVkIGlmIHlvdSB3aXNoIHRvIHVzZSBodHRwIDU5ODUgZW5kcG9pbnQKd2lucm0gc2V0IHdpbnJtL2NvbmZpZy9zZXJ2aWNlICdAe0FsbG93VW5lbmNyeXB0ZWQ9InRydWUifScKCiMgQ3JlYXRlIGEgc2VsZi1zaWduZWQgY2VydGlmaWNhdGUgdG8gY29uZmlndXJlIFdpblJNIGZvciBIVFRQUwokY2VydCA9IE5ldy1TZWxmU2lnbmVkQ2VydGlmaWNhdGUgLUNlcnRTdG9yZUxvY2F0aW9uICdDZXJ0OlxMb2NhbE1hY2hpbmVcTXknIC1EbnNOYW1lICRjb21wdXRlck5hbWUKV3JpdGUtT3V0cHV0ICJTZWxmLXNpZ25lZCBTU0wgY2VydGlmaWNhdGUgZ2VuZXJhdGVkIHdpdGggZGV0YWlsczogJGNlcnQiCgokdmFsdWVTZXQgPSBAewogICAgSG9zdG5hbWUgPSAkY29tcHV0ZXJOYW1lCiAgICBDZXJ0aWZpY2F0ZVRodW1icHJpbnQgPSAkY2VydC5UaHVtYnByaW50Cn0KCiRzZWxlY3RvclNldCA9IEB7CiAgICBUcmFuc3BvcnQgPSAiSFRUUFMiCiAgICBBZGRyZXNzID0gIioiCn0KCiMgUmVtb3ZlIGFueSBwcmlvciBIVFRQUyBsaXN0ZW5lcgokbGlzdGVuZXJzID0gR2V0LUNoaWxkSXRlbSBXU01hbjpcbG9jYWxob3N0XExpc3RlbmVyCklmICghKCRsaXN0ZW5lcnMgfCBXaGVyZSB7JF8uS2V5cyAtbGlrZSAiVFJBTlNQT1JUPUhUVFBTIn0pKQp7CiAgICBSZW1vdmUtV1NNYW5JbnN0YW5jZSAtUmVzb3VyY2VVUkkgJ3dpbnJtL2NvbmZpZy9MaXN0ZW5lcicgLVNlbGVjdG9yU2V0ICRzZWxlY3RvclNldAp9CgpXcml0ZS1PdXRwdXQgIkVuYWJsaW5nIEhUVFBTIGxpc3RlbmVyIgpOZXctV1NNYW5JbnN0YW5jZSAtUmVzb3VyY2VVUkkgJ3dpbnJtL2NvbmZpZy9MaXN0ZW5lcicgLVNlbGVjdG9yU2V0ICRzZWxlY3RvclNldCAtVmFsdWVTZXQgJHZhbHVlU2V0CldyaXRlLU91dHB1dCAiRW5hYmxlZCBIVFRQUyBsaXN0ZW5lciIKCldyaXRlLU91dHB1dCAiQ29uZmlndXJlZCBXaW5STSIKCg0KLS1NSU1FQk9VTkRBUlkNCkNvbnRlbnQtRGlzcG9zaXRpb246IGF0dGFjaG1lbnQ7IGZpbGVuYW1lPSJjbG91ZGluaXQueW1sIg0KQ29udGVudC1UcmFuc2Zlci1FbmNvZGluZzogN2JpdA0KQ29udGVudC1UeXBlOiB0ZXh0L2Nsb3VkLWNvbmZpZw0KTWltZS1WZXJzaW9uOiAxLjANCg0KI2Nsb3VkLWNvbmZpZwp3cml0ZV9maWxlczoKIC0gcGF0aDogICAgIEM6L2luaXQucHMxCiAgIGNvbnRlbnQ6ICB8CiAgICAgZWNobyAiYWRkIHlvdXIgY3VzdG9tIGNvbW1hbmRzIGFuZCBzY3JpcHRzIGhlcmUiCgojIERlcGVuZGluZyBvbiB0aGUgaW1hZ2UgdGhhdCBpcyBiZWluZyB1c2VkIHJ1bmNtZCBwbHVnaW4gbWF5IG5vdCBiZSBzdXBwb3J0ZWQsIHlvdSBtYXkgdXNlIHBzMV9zeXNuYXRpdmUgY29uZmlnIGluc3RlYWQKIyBXaW5kb3dzLVNlcnZlci0yMDEyLVIyLVN0YW5kYXJkLUVkaXRpb24tVk0tMjAxOC4wNy4xOS0wIC0gY2xvdWRiYXNlaW5pdC5wbHVnaW5zLmNvbW1vbi51c2VyZGF0YXBsdWdpbnMuY2xvdWRjb25maWcgWy1dIFBsdWdpbiAncnVuY21kJyBpcyBjdXJyZW50bHkgbm90IHN1cHBvcnRlZApydW5jbWQ6CiAtIGVjaG8gIkhlbGxvIGZyb20gVGVycmFmb3JtIgogLSBwb3dlcnNoZWxsLmV4ZSAiQzovaW5pdC5wczEiCgojIERlcGVuZGluZyBvbiB0aGUgaW1hZ2UgdGhhdCBpcyBiZWluZyB1c2VkIHNjcmlwdCBwbHVnaW4gbWF5IG5vdCBiZSBzdXBwb3J0ZWQsIHlvdSBtYXkgdXNlIHBzMV9zeXNuYXRpdmUgY29uZmlnIGluc3RlYWQKIyBXaW5kb3dzLVNlcnZlci0yMDEyLVIyLVN0YW5kYXJkLUVkaXRpb24tVk0tMjAxOC4wNy4xOS0wIC0gY2xvdWRiYXNlaW5pdC5wbHVnaW5zLmNvbW1vbi51c2VyZGF0YXBsdWdpbnMuY2xvdWRjb25maWcgWy1dIFBsdWdpbiAnc2NyaXB0JyBpcyBjdXJyZW50bHkgbm90IHN1cHBvcnRlZApzY3JpcHQ6ICAgICAgfAogIDxwb3dlcnNoZWxsPgogIHdpbnJtIHNldCB3aW5ybS9jb25maWcvY2xpZW50L2F1dGggJ0B7QmFzaWM9InRydWUifScKICB3aW5ybSBzZXQgd2lucm0vY29uZmlnL3NlcnZpY2UvYXV0aCAnQHtCYXNpYz0idHJ1ZSJ9JwogIHdpbnJtIHNldCB3aW5ybS9jb25maWcvc2VydmljZSAnQHtBbGxvd1VuZW5jcnlwdGVkPSJ0cnVlIn0nCiAgd2lucm0gc2V0IHdpbnJtL2NvbmZpZy93aW5ycyAnQHtNYXhNZW1vcnlQZXJTaGVsbE1CPSI2MDAifScKICB3aW5ybSBzZXQgd2lucm0vY29uZmlnICdAe01heFRpbWVvdXRtcz0iMzYwMDAwMCJ9JwogICRmaWxlID0gSm9pbi1QYXRoIC1QYXRoICRlbnY6U3lzdGVtUm9vdCAtQ2hpbGRQYXRoIChHZXQtRGF0ZSkuVG9TdHJpbmcoIk1NLWRkLXl5LWhoLW1tIikKICBOZXctSXRlbSAkZmlsZSAtSXRlbVR5cGUgZmlsZSAtVmFsdWUgIkhlbGxvIGZyb20gVGVycmFmb3JtIgogIDwvcG93ZXJzaGVsbD4KCg0KLS1NSU1FQk9VTkRBUlktLQ0K"
            },
            "preserve_boot_volume": null,
            "private_ip": "10.1.20.2",
            "public_ip": "129.146.165.57",
            "region": "phx",
            "shape": "VM.Standard2.1",
            "shape_config": [
              {
                "gpu_description": "",
                "gpus": 0,
                "local_disk_description": "",
                "local_disks": 0,
                "local_disks_total_size_in_gbs": 0,
                "max_vnic_attachments": 2,
                "memory_in_gbs": 15,
                "networking_bandwidth_in_gbps": 1,
                "ocpus": 1,
                "processor_description": "2.0 GHz Intel® Xeon® Platinum 8167M (Skylake)"
              }
            ],
            "source_details": [
              {
                "boot_volume_size_in_gbs": "256",
                "kms_key_id": "",
                "source_id": "ocid1.image.oc1.phx.aaaaaaaacihuos4eplcokupp2jvcnoffuoby2lyq2wrqb722tawxxz5l64wq",
                "source_type": "image"
              }
            ],
            "state": "RUNNING",
            "subnet_id": "ocid1.subnet.oc1.phx.aaaaaaaaev6tisr7m6rqv4alqpmangspe7jt6klzhx4w6jaqjlmgyrcjwu2q",
            "system_tags": {},
            "time_created": "2021-02-23 03:32:26.523 +0000 UTC",
            "time_maintenance_reboot_due": "",
            "timeouts": null
          },
          "private": "eyJlMmJmYjczMC1lY2FhLTExZTYtOGY4OC0zNDM2M2JjN2M0YzAiOnsiY3JlYXRlIjoyNzAwMDAwMDAwMDAwLCJkZWxldGUiOjI3MDAwMDAwMDAwMDAsInVwZGF0ZSI6MjcwMDAwMDAwMDAwMH19",
          "dependencies": [
            "oci_core_internet_gateway.internetgateway1",
            "oci_core_route_table.routetable1",
            "oci_core_security_list.securitylist1",
            "oci_core_subnet.subnet1",
            "oci_core_vcn.vcn1"
          ]
        }
      ]
    },
    {
      "mode": "managed",
      "type": "oci_core_instance",
      "name": "instance2",
      "provider": "provider.oci",
      "instances": [
        {
          "schema_version": 0,
          "attributes": {
            "agent_config": [
              {
                "are_all_plugins_disabled": false,
                "is_management_disabled": false,
                "is_monitoring_disabled": false,
                "plugins_config": []
              }
            ],
            "availability_config": [
              {
                "recovery_action": "RESTORE_INSTANCE"
              }
            ],
            "availability_domain": "NyKp:PHX-AD-2",
            "boot_volume_id": "ocid1.bootvolume.oc1.phx.abyhqljtc7fgcehqqyt7hffdebiy65qpzn2jemj7bknaudahorz4jnttpqlq",
            "compartment_id": "ocid1.compartment.oc1..aaaaaaaagxh5kocy6g6of5znwe35ckxn6ddkdqwoif7qjcx3igm2fareke2q",
            "create_vnic_details": [
              {
                "assign_public_ip": "true",
                "defined_tags": {},
                "display_name": "be-instance2",
                "freeform_tags": {},
                "hostname_label": "be-instance2",
                "nsg_ids": [],
                "private_ip": "10.1.21.2",
                "skip_source_dest_check": false,
                "subnet_id": "ocid1.subnet.oc1.phx.aaaaaaaaglzgooiu5ltutb4ocxcwnwidb3iterpdm32dsmbqkyro2mp7ogya",
                "vlan_id": ""
              }
            ],
            "dedicated_vm_host_id": null,
            "defined_tags": {},
            "display_name": "be-instance2",
            "extended_metadata": {},
            "fault_domain": "FAULT-DOMAIN-1",
            "freeform_tags": {},
            "hostname_label": "be-instance2",
            "id": "ocid1.instance.oc1.phx.anyhqljtjcdxrhqcsi3loowl66ujhiafscnpuyo4r6jnkges4fzes7mx2seq",
            "image": "ocid1.image.oc1.phx.aaaaaaaacihuos4eplcokupp2jvcnoffuoby2lyq2wrqb722tawxxz5l64wq",
            "instance_options": [
              {
                "are_legacy_imds_endpoints_disabled": false
              }
            ],
            "ipxe_script": null,
            "is_pv_encryption_in_transit_enabled": null,
            "launch_mode": "NATIVE",
            "launch_options": [
              {
                "boot_volume_type": "PARAVIRTUALIZED",
                "firmware": "UEFI_64",
                "is_consistent_volume_naming_enabled": false,
                "is_pv_encryption_in_transit_enabled": false,
                "network_type": "VFIO",
                "remote_data_volume_type": "PARAVIRTUALIZED"
              }
            ],
            "metadata": {
              "user_data": "Q29udGVudC1UeXBlOiBtdWx0aXBhcnQvbWl4ZWQ7IGJvdW5kYXJ5PSJNSU1FQk9VTkRBUlkiCk1JTUUtVmVyc2lvbjogMS4wDQoNCi0tTUlNRUJPVU5EQVJZDQpDb250ZW50LURpc3Bvc2l0aW9uOiBhdHRhY2htZW50OyBmaWxlbmFtZT0iY2xvdWRpbml0LnBzMSINCkNvbnRlbnQtVHJhbnNmZXItRW5jb2Rpbmc6IDdiaXQNCkNvbnRlbnQtVHlwZTogdGV4dC94LXNoZWxsc2NyaXB0DQpNaW1lLVZlcnNpb246IDEuMA0KDQojcHMxX3N5c25hdGl2ZQoKIyBUZW1wbGF0ZSB2YXJpYWJsZXMKJHVzZXI9J29wYycKJHBhc3N3b3JkPSdQYXNzd29yZH4xMjMnCiRjb21wdXRlck5hbWU9J1RGV2luZG93cycKCldyaXRlLU91dHB1dCAiQ2hhbmdpbmcgJHVzZXIgcGFzc3dvcmQiCm5ldCB1c2VyICR1c2VyICRwYXNzd29yZApXcml0ZS1PdXRwdXQgIkNoYW5nZWQgJHVzZXIgcGFzc3dvcmQiCgpXcml0ZS1PdXRwdXQgIkNvbmZpZ3VyaW5nIFdpblJNIgojIEFsbG93IHVuZW5jcnlwdGVkIGlmIHlvdSB3aXNoIHRvIHVzZSBodHRwIDU5ODUgZW5kcG9pbnQKd2lucm0gc2V0IHdpbnJtL2NvbmZpZy9zZXJ2aWNlICdAe0FsbG93VW5lbmNyeXB0ZWQ9InRydWUifScKCiMgQ3JlYXRlIGEgc2VsZi1zaWduZWQgY2VydGlmaWNhdGUgdG8gY29uZmlndXJlIFdpblJNIGZvciBIVFRQUwokY2VydCA9IE5ldy1TZWxmU2lnbmVkQ2VydGlmaWNhdGUgLUNlcnRTdG9yZUxvY2F0aW9uICdDZXJ0OlxMb2NhbE1hY2hpbmVcTXknIC1EbnNOYW1lICRjb21wdXRlck5hbWUKV3JpdGUtT3V0cHV0ICJTZWxmLXNpZ25lZCBTU0wgY2VydGlmaWNhdGUgZ2VuZXJhdGVkIHdpdGggZGV0YWlsczogJGNlcnQiCgokdmFsdWVTZXQgPSBAewogICAgSG9zdG5hbWUgPSAkY29tcHV0ZXJOYW1lCiAgICBDZXJ0aWZpY2F0ZVRodW1icHJpbnQgPSAkY2VydC5UaHVtYnByaW50Cn0KCiRzZWxlY3RvclNldCA9IEB7CiAgICBUcmFuc3BvcnQgPSAiSFRUUFMiCiAgICBBZGRyZXNzID0gIioiCn0KCiMgUmVtb3ZlIGFueSBwcmlvciBIVFRQUyBsaXN0ZW5lcgokbGlzdGVuZXJzID0gR2V0LUNoaWxkSXRlbSBXU01hbjpcbG9jYWxob3N0XExpc3RlbmVyCklmICghKCRsaXN0ZW5lcnMgfCBXaGVyZSB7JF8uS2V5cyAtbGlrZSAiVFJBTlNQT1JUPUhUVFBTIn0pKQp7CiAgICBSZW1vdmUtV1NNYW5JbnN0YW5jZSAtUmVzb3VyY2VVUkkgJ3dpbnJtL2NvbmZpZy9MaXN0ZW5lcicgLVNlbGVjdG9yU2V0ICRzZWxlY3RvclNldAp9CgpXcml0ZS1PdXRwdXQgIkVuYWJsaW5nIEhUVFBTIGxpc3RlbmVyIgpOZXctV1NNYW5JbnN0YW5jZSAtUmVzb3VyY2VVUkkgJ3dpbnJtL2NvbmZpZy9MaXN0ZW5lcicgLVNlbGVjdG9yU2V0ICRzZWxlY3RvclNldCAtVmFsdWVTZXQgJHZhbHVlU2V0CldyaXRlLU91dHB1dCAiRW5hYmxlZCBIVFRQUyBsaXN0ZW5lciIKCldyaXRlLU91dHB1dCAiQ29uZmlndXJlZCBXaW5STSIKCg0KLS1NSU1FQk9VTkRBUlkNCkNvbnRlbnQtRGlzcG9zaXRpb246IGF0dGFjaG1lbnQ7IGZpbGVuYW1lPSJjbG91ZGluaXQueW1sIg0KQ29udGVudC1UcmFuc2Zlci1FbmNvZGluZzogN2JpdA0KQ29udGVudC1UeXBlOiB0ZXh0L2Nsb3VkLWNvbmZpZw0KTWltZS1WZXJzaW9uOiAxLjANCg0KI2Nsb3VkLWNvbmZpZwp3cml0ZV9maWxlczoKIC0gcGF0aDogICAgIEM6L2luaXQucHMxCiAgIGNvbnRlbnQ6ICB8CiAgICAgZWNobyAiYWRkIHlvdXIgY3VzdG9tIGNvbW1hbmRzIGFuZCBzY3JpcHRzIGhlcmUiCgojIERlcGVuZGluZyBvbiB0aGUgaW1hZ2UgdGhhdCBpcyBiZWluZyB1c2VkIHJ1bmNtZCBwbHVnaW4gbWF5IG5vdCBiZSBzdXBwb3J0ZWQsIHlvdSBtYXkgdXNlIHBzMV9zeXNuYXRpdmUgY29uZmlnIGluc3RlYWQKIyBXaW5kb3dzLVNlcnZlci0yMDEyLVIyLVN0YW5kYXJkLUVkaXRpb24tVk0tMjAxOC4wNy4xOS0wIC0gY2xvdWRiYXNlaW5pdC5wbHVnaW5zLmNvbW1vbi51c2VyZGF0YXBsdWdpbnMuY2xvdWRjb25maWcgWy1dIFBsdWdpbiAncnVuY21kJyBpcyBjdXJyZW50bHkgbm90IHN1cHBvcnRlZApydW5jbWQ6CiAtIGVjaG8gIkhlbGxvIGZyb20gVGVycmFmb3JtIgogLSBwb3dlcnNoZWxsLmV4ZSAiQzovaW5pdC5wczEiCgojIERlcGVuZGluZyBvbiB0aGUgaW1hZ2UgdGhhdCBpcyBiZWluZyB1c2VkIHNjcmlwdCBwbHVnaW4gbWF5IG5vdCBiZSBzdXBwb3J0ZWQsIHlvdSBtYXkgdXNlIHBzMV9zeXNuYXRpdmUgY29uZmlnIGluc3RlYWQKIyBXaW5kb3dzLVNlcnZlci0yMDEyLVIyLVN0YW5kYXJkLUVkaXRpb24tVk0tMjAxOC4wNy4xOS0wIC0gY2xvdWRiYXNlaW5pdC5wbHVnaW5zLmNvbW1vbi51c2VyZGF0YXBsdWdpbnMuY2xvdWRjb25maWcgWy1dIFBsdWdpbiAnc2NyaXB0JyBpcyBjdXJyZW50bHkgbm90IHN1cHBvcnRlZApzY3JpcHQ6ICAgICAgfAogIDxwb3dlcnNoZWxsPgogIHdpbnJtIHNldCB3aW5ybS9jb25maWcvY2xpZW50L2F1dGggJ0B7QmFzaWM9InRydWUifScKICB3aW5ybSBzZXQgd2lucm0vY29uZmlnL3NlcnZpY2UvYXV0aCAnQHtCYXNpYz0idHJ1ZSJ9JwogIHdpbnJtIHNldCB3aW5ybS9jb25maWcvc2VydmljZSAnQHtBbGxvd1VuZW5jcnlwdGVkPSJ0cnVlIn0nCiAgd2lucm0gc2V0IHdpbnJtL2NvbmZpZy93aW5ycyAnQHtNYXhNZW1vcnlQZXJTaGVsbE1CPSI2MDAifScKICB3aW5ybSBzZXQgd2lucm0vY29uZmlnICdAe01heFRpbWVvdXRtcz0iMzYwMDAwMCJ9JwogICRmaWxlID0gSm9pbi1QYXRoIC1QYXRoICRlbnY6U3lzdGVtUm9vdCAtQ2hpbGRQYXRoIChHZXQtRGF0ZSkuVG9TdHJpbmcoIk1NLWRkLXl5LWhoLW1tIikKICBOZXctSXRlbSAkZmlsZSAtSXRlbVR5cGUgZmlsZSAtVmFsdWUgIkhlbGxvIGZyb20gVGVycmFmb3JtIgogIDwvcG93ZXJzaGVsbD4KCg0KLS1NSU1FQk9VTkRBUlktLQ0K"
            },
            "preserve_boot_volume": null,
            "private_ip": "10.1.21.2",
            "public_ip": "129.146.253.21",
            "region": "phx",
            "shape": "VM.Standard2.1",
            "shape_config": [
              {
                "gpu_description": "",
                "gpus": 0,
                "local_disk_description": "",
                "local_disks": 0,
                "local_disks_total_size_in_gbs": 0,
                "max_vnic_attachments": 2,
                "memory_in_gbs": 15,
                "networking_bandwidth_in_gbps": 1,
                "ocpus": 1,
                "processor_description": "2.0 GHz Intel® Xeon® Platinum 8167M (Skylake)"
              }
            ],
            "source_details": [
              {
                "boot_volume_size_in_gbs": "256",
                "kms_key_id": "",
                "source_id": "ocid1.image.oc1.phx.aaaaaaaacihuos4eplcokupp2jvcnoffuoby2lyq2wrqb722tawxxz5l64wq",
                "source_type": "image"
              }
            ],
            "state": "RUNNING",
            "subnet_id": "ocid1.subnet.oc1.phx.aaaaaaaaglzgooiu5ltutb4ocxcwnwidb3iterpdm32dsmbqkyro2mp7ogya",
            "system_tags": {},
            "time_created": "2021-02-23 03:32:27.346 +0000 UTC",
            "time_maintenance_reboot_due": "",
            "timeouts": null
          },
          "private": "eyJlMmJmYjczMC1lY2FhLTExZTYtOGY4OC0zNDM2M2JjN2M0YzAiOnsiY3JlYXRlIjoyNzAwMDAwMDAwMDAwLCJkZWxldGUiOjI3MDAwMDAwMDAwMDAsInVwZGF0ZSI6MjcwMDAwMDAwMDAwMH19",
          "dependencies": [
            "oci_core_internet_gateway.internetgateway1",
            "oci_core_route_table.routetable1",
            "oci_core_security_list.securitylist1",
            "oci_core_subnet.subnet2",
            "oci_core_vcn.vcn1"
          ]
        }
      ]
    },
    {
      "mode": "managed",
      "type": "oci_core_internet_gateway",
      "name": "internetgateway1",
      "provider": "provider.oci",
      "instances": [
        {
          "schema_version": 0,
          "attributes": {
            "compartment_id": "ocid1.compartment.oc1..aaaaaaaagxh5kocy6g6of5znwe35ckxn6ddkdqwoif7qjcx3igm2fareke2q",
            "defined_tags": {},
            "display_name": "internetgateway1",
            "enabled": true,
            "freeform_tags": {},
            "id": "ocid1.internetgateway.oc1.phx.aaaaaaaas66gnmkea7quy2wlvo53wtxla7zclu32yeqlfbsiblvmv4cpdf2a",
            "state": "AVAILABLE",
            "time_created": "2021-02-23 03:32:03.996 +0000 UTC",
            "timeouts": null,
            "vcn_id": "ocid1.vcn.oc1.phx.amaaaaaajcdxrhqaljcc6bzncozdt37cm3elmh3md723fur2uduh3vybvohq"
          },
          "private": "eyJlMmJmYjczMC1lY2FhLTExZTYtOGY4OC0zNDM2M2JjN2M0YzAiOnsiY3JlYXRlIjoxMjAwMDAwMDAwMDAwLCJkZWxldGUiOjEyMDAwMDAwMDAwMDAsInVwZGF0ZSI6MTIwMDAwMDAwMDAwMH19",
          "dependencies": [
            "oci_core_vcn.vcn1"
          ]
        }
      ]
    },
    {
      "mode": "managed",
      "type": "oci_core_public_ip",
      "name": "test_reserved_ip",
      "provider": "provider.oci",
      "instances": [
        {
          "schema_version": 0,
          "attributes": {
            "assigned_entity_id": "ocid1.privateip.oc1.phx.abyhqljs52uer4no3n7x3dnep4bkvh5mxsyggk7nkss525t6scpsscgmtdqa",
            "assigned_entity_type": "PRIVATE_IP",
            "availability_domain": null,
            "compartment_id": "ocid1.compartment.oc1..aaaaaaaagxh5kocy6g6of5znwe35ckxn6ddkdqwoif7qjcx3igm2fareke2q",
            "defined_tags": {},
            "display_name": "publicip20210223033203",
            "freeform_tags": {},
            "id": "ocid1.publicip.oc1.phx.amaaaaaajcdxrhqax2tdslsxch3pdnnnyrlbcbbbljhmo7jlivpw6tbkpvwq",
            "ip_address": "129.146.90.94",
            "lifetime": "RESERVED",
            "private_ip_id": "ocid1.privateip.oc1.phx.abyhqljs52uer4no3n7x3dnep4bkvh5mxsyggk7nkss525t6scpsscgmtdqa",
            "public_ip_pool_id": null,
            "scope": "REGION",
            "state": "ASSIGNED",
            "time_created": "2021-02-23 03:32:03.215 +0000 UTC",
            "timeouts": null
          },
          "private": "eyJlMmJmYjczMC1lY2FhLTExZTYtOGY4OC0zNDM2M2JjN2M0YzAiOnsiY3JlYXRlIjoxMjAwMDAwMDAwMDAwLCJkZWxldGUiOjEyMDAwMDAwMDAwMDAsInVwZGF0ZSI6MTIwMDAwMDAwMDAwMH19"
        }
      ]
    },
    {
      "mode": "managed",
      "type": "oci_core_route_table",
      "name": "routetable1",
      "provider": "provider.oci",
      "instances": [
        {
          "schema_version": 0,
          "attributes": {
            "compartment_id": "ocid1.compartment.oc1..aaaaaaaagxh5kocy6g6of5znwe35ckxn6ddkdqwoif7qjcx3igm2fareke2q",
            "defined_tags": {},
            "display_name": "routetable1",
            "freeform_tags": {},
            "id": "ocid1.routetable.oc1.phx.aaaaaaaa45f7qrcwc37mk35jsxqv6h6u5wybkkqwfvgkooyc3kul5kkkvkja",
            "route_rules": [
              {
                "cidr_block": "",
                "description": "",
                "destination": "0.0.0.0/0",
                "destination_type": "CIDR_BLOCK",
                "network_entity_id": "ocid1.internetgateway.oc1.phx.aaaaaaaas66gnmkea7quy2wlvo53wtxla7zclu32yeqlfbsiblvmv4cpdf2a"
              }
            ],
            "state": "AVAILABLE",
            "time_created": "2021-02-23 03:32:04.45 +0000 UTC",
            "timeouts": null,
            "vcn_id": "ocid1.vcn.oc1.phx.amaaaaaajcdxrhqaljcc6bzncozdt37cm3elmh3md723fur2uduh3vybvohq"
          },
          "private": "eyJlMmJmYjczMC1lY2FhLTExZTYtOGY4OC0zNDM2M2JjN2M0YzAiOnsiY3JlYXRlIjoxMjAwMDAwMDAwMDAwLCJkZWxldGUiOjEyMDAwMDAwMDAwMDAsInVwZGF0ZSI6MTIwMDAwMDAwMDAwMH19",
          "dependencies": [
            "oci_core_internet_gateway.internetgateway1",
            "oci_core_vcn.vcn1"
          ]
        }
      ]
    },
    {
      "mode": "managed",
      "type": "oci_core_security_list",
      "name": "securitylist1",
      "provider": "provider.oci",
      "instances": [
        {
          "schema_version": 0,
          "attributes": {
            "compartment_id": "ocid1.compartment.oc1..aaaaaaaagxh5kocy6g6of5znwe35ckxn6ddkdqwoif7qjcx3igm2fareke2q",
            "defined_tags": {},
            "display_name": "WindowsTestSecurityList",
            "egress_security_rules": [
              {
                "description": "",
                "destination": "0.0.0.0/0",
                "destination_type": "CIDR_BLOCK",
                "icmp_options": [],
                "protocol": "all",
                "stateless": false,
                "tcp_options": [],
                "udp_options": []
              }
            ],
            "freeform_tags": {},
            "id": "ocid1.securitylist.oc1.phx.aaaaaaaaw2bkfemwrjxvjrnm3bxao5l5oaxmplnl5s64s7gupxzpthsqljma",
            "ingress_security_rules": [
              {
                "description": "",
                "icmp_options": [],
                "protocol": "6",
                "source": "0.0.0.0/0",
                "source_type": "CIDR_BLOCK",
                "stateless": false,
                "tcp_options": [
                  {
                    "max": 3389,
                    "min": 3389,
                    "source_port_range": []
                  }
                ],
                "udp_options": []
              },
              {
                "description": "",
                "icmp_options": [],
                "protocol": "6",
                "source": "0.0.0.0/0",
                "source_type": "CIDR_BLOCK",
                "stateless": false,
                "tcp_options": [
                  {
                    "max": 443,
                    "min": 443,
                    "source_port_range": []
                  }
                ],
                "udp_options": []
              },
              {
                "description": "",
                "icmp_options": [],
                "protocol": "6",
                "source": "0.0.0.0/0",
                "source_type": "CIDR_BLOCK",
                "stateless": false,
                "tcp_options": [
                  {
                    "max": 5986,
                    "min": 5985,
                    "source_port_range": []
                  }
                ],
                "udp_options": []
              },
              {
                "description": "",
                "icmp_options": [],
                "protocol": "6",
                "source": "0.0.0.0/0",
                "source_type": "CIDR_BLOCK",
                "stateless": false,
                "tcp_options": [
                  {
                    "max": 80,
                    "min": 80,
                    "source_port_range": []
                  }
                ],
                "udp_options": []
              }
            ],
            "state": "AVAILABLE",
            "time_created": "2021-02-23 03:32:03.985 +0000 UTC",
            "timeouts": null,
            "vcn_id": "ocid1.vcn.oc1.phx.amaaaaaajcdxrhqaljcc6bzncozdt37cm3elmh3md723fur2uduh3vybvohq"
          },
          "private": "eyJlMmJmYjczMC1lY2FhLTExZTYtOGY4OC0zNDM2M2JjN2M0YzAiOnsiY3JlYXRlIjoxMjAwMDAwMDAwMDAwLCJkZWxldGUiOjEyMDAwMDAwMDAwMDAsInVwZGF0ZSI6MTIwMDAwMDAwMDAwMH19",
          "dependencies": [
            "oci_core_vcn.vcn1"
          ]
        }
      ]
    },
    {
      "mode": "managed",
      "type": "oci_core_subnet",
      "name": "subnet1",
      "provider": "provider.oci",
      "instances": [
        {
          "schema_version": 0,
          "attributes": {
            "availability_domain": "NyKp:PHX-AD-1",
            "cidr_block": "10.1.20.0/24",
            "compartment_id": "ocid1.compartment.oc1..aaaaaaaagxh5kocy6g6of5znwe35ckxn6ddkdqwoif7qjcx3igm2fareke2q",
            "defined_tags": {},
            "dhcp_options_id": "ocid1.dhcpoptions.oc1.phx.aaaaaaaayw4ellekh63imipsi2uh4jczaxxzwiyj2vwq2sd5xkm47sq67dbq",
            "display_name": "subnet1",
            "dns_label": "subnet1",
            "freeform_tags": {},
            "id": "ocid1.subnet.oc1.phx.aaaaaaaaev6tisr7m6rqv4alqpmangspe7jt6klzhx4w6jaqjlmgyrcjwu2q",
            "ipv6cidr_block": null,
            "ipv6public_cidr_block": null,
            "ipv6virtual_router_ip": null,
            "prohibit_public_ip_on_vnic": false,
            "route_table_id": "ocid1.routetable.oc1.phx.aaaaaaaa45f7qrcwc37mk35jsxqv6h6u5wybkkqwfvgkooyc3kul5kkkvkja",
            "security_list_ids": [
              "ocid1.securitylist.oc1.phx.aaaaaaaaw2bkfemwrjxvjrnm3bxao5l5oaxmplnl5s64s7gupxzpthsqljma"
            ],
            "state": "AVAILABLE",
            "subnet_domain_name": "subnet1.vcn1.oraclevcn.com",
            "time_created": "2021-02-23 03:32:05.612 +0000 UTC",
            "timeouts": null,
            "vcn_id": "ocid1.vcn.oc1.phx.amaaaaaajcdxrhqaljcc6bzncozdt37cm3elmh3md723fur2uduh3vybvohq",
            "virtual_router_ip": "10.1.20.1",
            "virtual_router_mac": "00:00:17:17:17:E6"
          },
          "private": "eyJlMmJmYjczMC1lY2FhLTExZTYtOGY4OC0zNDM2M2JjN2M0YzAiOnsiY3JlYXRlIjoxMjAwMDAwMDAwMDAwLCJkZWxldGUiOjEyMDAwMDAwMDAwMDAsInVwZGF0ZSI6MTIwMDAwMDAwMDAwMH19",
          "dependencies": [
            "oci_core_internet_gateway.internetgateway1",
            "oci_core_route_table.routetable1",
            "oci_core_security_list.securitylist1",
            "oci_core_vcn.vcn1"
          ]
        }
      ]
    },
    {
      "mode": "managed",
      "type": "oci_core_subnet",
      "name": "subnet2",
      "provider": "provider.oci",
      "instances": [
        {
          "schema_version": 0,
          "attributes": {
            "availability_domain": "NyKp:PHX-AD-2",
            "cidr_block": "10.1.21.0/24",
            "compartment_id": "ocid1.compartment.oc1..aaaaaaaagxh5kocy6g6of5znwe35ckxn6ddkdqwoif7qjcx3igm2fareke2q",
            "defined_tags": {},
            "dhcp_options_id": "ocid1.dhcpoptions.oc1.phx.aaaaaaaayw4ellekh63imipsi2uh4jczaxxzwiyj2vwq2sd5xkm47sq67dbq",
            "display_name": "subnet2",
            "dns_label": "subnet2",
            "freeform_tags": {},
            "id": "ocid1.subnet.oc1.phx.aaaaaaaaglzgooiu5ltutb4ocxcwnwidb3iterpdm32dsmbqkyro2mp7ogya",
            "ipv6cidr_block": null,
            "ipv6public_cidr_block": null,
            "ipv6virtual_router_ip": null,
            "prohibit_public_ip_on_vnic": false,
            "route_table_id": "ocid1.routetable.oc1.phx.aaaaaaaa45f7qrcwc37mk35jsxqv6h6u5wybkkqwfvgkooyc3kul5kkkvkja",
            "security_list_ids": [
              "ocid1.securitylist.oc1.phx.aaaaaaaaw2bkfemwrjxvjrnm3bxao5l5oaxmplnl5s64s7gupxzpthsqljma"
            ],
            "state": "AVAILABLE",
            "subnet_domain_name": "subnet2.vcn1.oraclevcn.com",
            "time_created": "2021-02-23 03:32:05.969 +0000 UTC",
            "timeouts": null,
            "vcn_id": "ocid1.vcn.oc1.phx.amaaaaaajcdxrhqaljcc6bzncozdt37cm3elmh3md723fur2uduh3vybvohq",
            "virtual_router_ip": "10.1.21.1",
            "virtual_router_mac": "00:00:17:17:17:E6"
          },
          "private": "eyJlMmJmYjczMC1lY2FhLTExZTYtOGY4OC0zNDM2M2JjN2M0YzAiOnsiY3JlYXRlIjoxMjAwMDAwMDAwMDAwLCJkZWxldGUiOjEyMDAwMDAwMDAwMDAsInVwZGF0ZSI6MTIwMDAwMDAwMDAwMH19",
          "dependencies": [
            "oci_core_internet_gateway.internetgateway1",
            "oci_core_route_table.routetable1",
            "oci_core_security_list.securitylist1",
            "oci_core_vcn.vcn1"
          ]
        }
      ]
    },
    {
      "mode": "managed",
      "type": "oci_core_vcn",
      "name": "vcn1",
      "provider": "provider.oci",
      "instances": [
        {
          "schema_version": 0,
          "attributes": {
            "cidr_block": "10.1.0.0/16",
            "cidr_blocks": [
              "10.1.0.0/16"
            ],
            "compartment_id": "ocid1.compartment.oc1..aaaaaaaagxh5kocy6g6of5znwe35ckxn6ddkdqwoif7qjcx3igm2fareke2q",
            "default_dhcp_options_id": "ocid1.dhcpoptions.oc1.phx.aaaaaaaayw4ellekh63imipsi2uh4jczaxxzwiyj2vwq2sd5xkm47sq67dbq",
            "default_route_table_id": "ocid1.routetable.oc1.phx.aaaaaaaadpp3jfrum5xh3h24f7pmtypghhjjkcki3ag3qjnkp2jmpjxcivxq",
            "default_security_list_id": "ocid1.securitylist.oc1.phx.aaaaaaaale4umg7c6kwyjzoxlry3qjjtqvw5vgrdu3oksqupfehaiwajsrtq",
            "defined_tags": {},
            "display_name": "vcn1",
            "dns_label": "vcn1",
            "freeform_tags": {},
            "id": "ocid1.vcn.oc1.phx.amaaaaaajcdxrhqaljcc6bzncozdt37cm3elmh3md723fur2uduh3vybvohq",
            "ipv6cidr_block": null,
            "ipv6public_cidr_block": null,
            "is_ipv6enabled": null,
            "state": "AVAILABLE",
            "time_created": "2021-02-23 03:32:03.046 +0000 UTC",
            "timeouts": null,
            "vcn_domain_name": "vcn1.oraclevcn.com"
          },
          "private": "eyJlMmJmYjczMC1lY2FhLTExZTYtOGY4OC0zNDM2M2JjN2M0YzAiOnsiY3JlYXRlIjoxMjAwMDAwMDAwMDAwLCJkZWxldGUiOjEyMDAwMDAwMDAwMDAsInVwZGF0ZSI6MTIwMDAwMDAwMDAwMH19"
        }
      ]
    },
    {
      "mode": "managed",
      "type": "oci_load_balancer",
      "name": "lb1",
      "provider": "provider.oci",
      "instances": [
        {
          "schema_version": 0,
          "attributes": {
            "compartment_id": "ocid1.compartment.oc1..aaaaaaaagxh5kocy6g6of5znwe35ckxn6ddkdqwoif7qjcx3igm2fareke2q",
            "defined_tags": {},
            "display_name": "lb1",
            "freeform_tags": {},
            "id": "ocid1.loadbalancer.oc1.phx.aaaaaaaakyaql3auuplgsdzbn5b5s6737ow4rrskumvrqt76ghjc2dl6jpna",
            "ip_address_details": [
              {
                "ip_address": "129.146.90.94",
                "is_public": true,
                "reserved_ip": [
                  {
                    "id": "ocid1.publicip.oc1.phx.amaaaaaajcdxrhqax2tdslsxch3pdnnnyrlbcbbbljhmo7jlivpw6tbkpvwq"
                  }
                ]
              }
            ],
            "ip_addresses": [
              "129.146.90.94"
            ],
            "ip_mode": "IPV4",
            "is_private": false,
            "network_security_group_ids": [],
            "reserved_ips": [
              {
                "id": "ocid1.publicip.oc1.phx.amaaaaaajcdxrhqax2tdslsxch3pdnnnyrlbcbbbljhmo7jlivpw6tbkpvwq"
              }
            ],
            "shape": "100Mbps",
            "shape_details": [],
            "state": "ACTIVE",
            "subnet_ids": [
              "ocid1.subnet.oc1.phx.aaaaaaaaev6tisr7m6rqv4alqpmangspe7jt6klzhx4w6jaqjlmgyrcjwu2q",
              "ocid1.subnet.oc1.phx.aaaaaaaaglzgooiu5ltutb4ocxcwnwidb3iterpdm32dsmbqkyro2mp7ogya"
            ],
            "system_tags": {},
            "time_created": "2021-02-23 03:32:27.115 +0000 UTC",
            "timeouts": null
          },
          "private": "eyJlMmJmYjczMC1lY2FhLTExZTYtOGY4OC0zNDM2M2JjN2M0YzAiOnsiY3JlYXRlIjoxMjAwMDAwMDAwMDAwLCJkZWxldGUiOjEyMDAwMDAwMDAwMDAsInVwZGF0ZSI6MTIwMDAwMDAwMDAwMH19",
          "dependencies": [
            "oci_core_internet_gateway.internetgateway1",
            "oci_core_public_ip.test_reserved_ip",
            "oci_core_route_table.routetable1",
            "oci_core_security_list.securitylist1",
            "oci_core_subnet.subnet1",
            "oci_core_subnet.subnet2",
            "oci_core_vcn.vcn1"
          ]
        }
      ]
    },
    {
      "mode": "managed",
      "type": "oci_load_balancer_backend",
      "name": "lb-be1",
      "provider": "provider.oci",
      "instances": [
        {
          "schema_version": 0,
          "attributes": {
            "backendset_name": "lb-bes1",
            "backup": false,
            "drain": false,
            "id": "loadBalancers/ocid1.loadbalancer.oc1.phx.aaaaaaaakyaql3auuplgsdzbn5b5s6737ow4rrskumvrqt76ghjc2dl6jpna/backendSets/lb-bes1/backends/10.1.20.2:80",
            "ip_address": "10.1.20.2",
            "load_balancer_id": "ocid1.loadbalancer.oc1.phx.aaaaaaaakyaql3auuplgsdzbn5b5s6737ow4rrskumvrqt76ghjc2dl6jpna",
            "name": "10.1.20.2:80",
            "offline": false,
            "port": 80,
            "state": "SUCCEEDED",
            "timeouts": null,
            "weight": 1
          },
          "private": "eyJlMmJmYjczMC1lY2FhLTExZTYtOGY4OC0zNDM2M2JjN2M0YzAiOnsiY3JlYXRlIjoxMjAwMDAwMDAwMDAwLCJkZWxldGUiOjEyMDAwMDAwMDAwMDAsInVwZGF0ZSI6MTIwMDAwMDAwMDAwMH19",
          "dependencies": [
            "oci_core_instance.instance1",
            "oci_core_internet_gateway.internetgateway1",
            "oci_core_public_ip.test_reserved_ip",
            "oci_core_route_table.routetable1",
            "oci_core_security_list.securitylist1",
            "oci_core_subnet.subnet1",
            "oci_core_subnet.subnet2",
            "oci_core_vcn.vcn1",
            "oci_load_balancer.lb1",
            "oci_load_balancer_backend_set.lb-bes1"
          ]
        }
      ]
    },
    {
      "mode": "managed",
      "type": "oci_load_balancer_backend",
      "name": "lb-be2",
      "provider": "provider.oci",
      "instances": [
        {
          "schema_version": 0,
          "attributes": {
            "backendset_name": "lb-bes1",
            "backup": false,
            "drain": false,
            "id": "loadBalancers/ocid1.loadbalancer.oc1.phx.aaaaaaaakyaql3auuplgsdzbn5b5s6737ow4rrskumvrqt76ghjc2dl6jpna/backendSets/lb-bes1/backends/10.1.21.2:80",
            "ip_address": "10.1.21.2",
            "load_balancer_id": "ocid1.loadbalancer.oc1.phx.aaaaaaaakyaql3auuplgsdzbn5b5s6737ow4rrskumvrqt76ghjc2dl6jpna",
            "name": "10.1.21.2:80",
            "offline": false,
            "port": 80,
            "state": "SUCCEEDED",
            "timeouts": null,
            "weight": 1
          },
          "private": "eyJlMmJmYjczMC1lY2FhLTExZTYtOGY4OC0zNDM2M2JjN2M0YzAiOnsiY3JlYXRlIjoxMjAwMDAwMDAwMDAwLCJkZWxldGUiOjEyMDAwMDAwMDAwMDAsInVwZGF0ZSI6MTIwMDAwMDAwMDAwMH19",
          "dependencies": [
            "oci_core_instance.instance2",
            "oci_core_internet_gateway.internetgateway1",
            "oci_core_public_ip.test_reserved_ip",
            "oci_core_route_table.routetable1",
            "oci_core_security_list.securitylist1",
            "oci_core_subnet.subnet1",
            "oci_core_subnet.subnet2",
            "oci_core_vcn.vcn1",
            "oci_load_balancer.lb1",
            "oci_load_balancer_backend_set.lb-bes1"
          ]
        }
      ]
    },
    {
      "mode": "managed",
      "type": "oci_load_balancer_backend_set",
      "name": "lb-bes1",
      "provider": "provider.oci",
      "instances": [
        {
          "schema_version": 0,
          "attributes": {
            "backend": [
              {
                "backup": false,
                "drain": false,
                "ip_address": "10.1.20.2",
                "name": "10.1.20.2:80",
                "offline": false,
                "port": 80,
                "weight": 1
              },
              {
                "backup": false,
                "drain": false,
                "ip_address": "10.1.21.2",
                "name": "10.1.21.2:80",
                "offline": false,
                "port": 80,
                "weight": 1
              }
            ],
            "health_checker": [
              {
                "interval_ms": 30000,
                "port": 80,
                "protocol": "HTTP",
                "response_body_regex": ".*",
                "retries": 3,
                "return_code": 200,
                "timeout_in_millis": 3000,
                "url_path": "/"
              }
            ],
            "id": "loadBalancers/ocid1.loadbalancer.oc1.phx.aaaaaaaakyaql3auuplgsdzbn5b5s6737ow4rrskumvrqt76ghjc2dl6jpna/backendSets/lb-bes1",
            "lb_cookie_session_persistence_configuration": [],
            "load_balancer_id": "ocid1.loadbalancer.oc1.phx.aaaaaaaakyaql3auuplgsdzbn5b5s6737ow4rrskumvrqt76ghjc2dl6jpna",
            "name": "lb-bes1",
            "policy": "ROUND_ROBIN",
            "session_persistence_configuration": [],
            "ssl_configuration": [],
            "state": "SUCCEEDED",
            "timeouts": null
          },
          "private": "eyJlMmJmYjczMC1lY2FhLTExZTYtOGY4OC0zNDM2M2JjN2M0YzAiOnsiY3JlYXRlIjoxMjAwMDAwMDAwMDAwLCJkZWxldGUiOjEyMDAwMDAwMDAwMDAsInVwZGF0ZSI6MTIwMDAwMDAwMDAwMH19",
          "dependencies": [
            "oci_core_internet_gateway.internetgateway1",
            "oci_core_public_ip.test_reserved_ip",
            "oci_core_route_table.routetable1",
            "oci_core_security_list.securitylist1",
            "oci_core_subnet.subnet1",
            "oci_core_subnet.subnet2",
            "oci_core_vcn.vcn1",
            "oci_load_balancer.lb1"
          ]
        }
      ]
    },
    {
      "mode": "managed",
      "type": "oci_load_balancer_certificate",
      "name": "lb-cert1",
      "provider": "provider.oci",
      "instances": [
        {
          "schema_version": 0,
          "attributes": {
            "ca_certificate": "-----BEGIN CERTIFICATE-----\nMIICljCCAX4CCQCEpaMjTCJ8WzANBgkqhkiG9w0BAQsFADANMQswCQYDVQQGEwJV\nUzAeFw0yMTAxMTkyMTI2MjRaFw0yNDAxMTkyMTI2MjRaMA0xCzAJBgNVBAYTAlVT\nMIIBIjANBgkqhkiG9w0BAQEFAAOCAQ8AMIIBCgKCAQEAo83kaUQXpCcSoEuRVFX3\njztWDNKtWpjNG240f0RpERI1NnZtHH0qnZqfaWAQQa8kx3+W1LOeFbkkRnkJz19g\neIXR6TeavT+W5iRh4goK+N7gubYkSMa2shVf+XsoHKERSbhdhrtX+GqvKzAvplCt\nCgd4MDlsvLv/YHCLvJL4JgRxKyevjlnE1rqrICJMCLbbZMrIKTzwb/K13hGrm6Bc\n+Je9EC3MWWxd5jBwXu3vgIYRuGR4DPg/yfMKPZr2xFDLpBsv5jaqULS9t6GwoEBJ\nKN0NXp5obaQToYqMsvAZyHoEyfCBDka16Bm5hGF60FwqgUT3p/+qlBn61cAJe9t5\n8QIDAQABMA0GCSqGSIb3DQEBCwUAA4IBAQAX1rxV2hai02Pb4Cf8U44zj+1aY6wV\nLvOMWiL3zl53up4/X7PDcmWcPM9UMVCGTISZD6A6IPvNlkvbtvYCzgjhtGxDmrj7\nwTRV5gO9j3bAhxBO7XgTmwmD/9hpykM58nbhLFnkGf+Taja8qsy0U8H74Tr9w1M8\n8E5kghgGzBElNquM8AUuDakC1JL4aLO/VDMxe/1BLtmBHLZy3XTzVycjP9ZFPh6h\nT+cWJcVOjQSYY2U75sDnKD2Sg1cmK54HauA6SPh4kAkpmxyLyDZZjPBQe2sLFmmS\naZSE+g16yMR9TVHo3pTpRkxJwDEH0LePwYXA4vUIK3HHS6zgLe0ody8g\n-----END CERTIFICATE-----",
            "certificate_name": "certificate1",
            "id": "loadBalancers/ocid1.loadbalancer.oc1.phx.aaaaaaaakyaql3auuplgsdzbn5b5s6737ow4rrskumvrqt76ghjc2dl6jpna/certificates/certificate1",
            "load_balancer_id": "ocid1.loadbalancer.oc1.phx.aaaaaaaakyaql3auuplgsdzbn5b5s6737ow4rrskumvrqt76ghjc2dl6jpna",
            "passphrase": null,
            "private_key": "-----BEGIN RSA PRIVATE KEY-----\nMIIEogIBAAKCAQEAo83kaUQXpCcSoEuRVFX3jztWDNKtWpjNG240f0RpERI1NnZt\nHH0qnZqfaWAQQa8kx3+W1LOeFbkkRnkJz19geIXR6TeavT+W5iRh4goK+N7gubYk\nSMa2shVf+XsoHKERSbhdhrtX+GqvKzAvplCtCgd4MDlsvLv/YHCLvJL4JgRxKyev\njlnE1rqrICJMCLbbZMrIKTzwb/K13hGrm6Bc+Je9EC3MWWxd5jBwXu3vgIYRuGR4\nDPg/yfMKPZr2xFDLpBsv5jaqULS9t6GwoEBJKN0NXp5obaQToYqMsvAZyHoEyfCB\nDka16Bm5hGF60FwqgUT3p/+qlBn61cAJe9t58QIDAQABAoIBADIyHuOPJTt9abzL\nS26vpVw0D6uAR/UyS/Ay9k1ltliv3rSg19DaHlwLjPwqnvCx7jBgTeVCYZhAkvgx\nkSsGDDcCsw+npXiG6wP9dC1jbHdVPUJLqZTPqB6sZCu8bM9RIE4Z/DcUY+HRN3qh\nmoh5wn0HSvJkNokjhx+TfY687uQfDMu0de4V2UPScZ7mboCu9HqK9qu0/krdTMH1\nrtnnFGEnx/Pe38YJl0fWxo8BHKHprwEvWX0MQzQeklnUtxREMuofSAOBe/I2DJGh\n1I94b6I66ypxuX0qAozT1MPbJGuaR+puyKawLNAQmZa9pgrrFK7e8PQUzrGVpVCp\nFtwx420CgYEA0uX/G0ycia0UTdkxkIsKIiLjs12LC0XmYjiWgkoL0PjiZzcPITn6\nvqqqGSz44HwtbrttZPm3Mo79yJ5xFiHCX0vFJykgy6cfS94imMgm8qIOS0bXjX7w\nxH2BOgp0H32LP/Zt7owcWJLEIQCjj0/4+Nvu0GskGVHlE8EYrXWf1E8CgYEAxtWk\nxBo52uNXL712VGDPNxprVGUpWSbkXpE+7wtRso5LnAnAj6dpmZsGe2zaYjRIt3Ls\nGnno4HUmwpQ5yXlHFpDUJvb2soXq3afnuAh5aVu6aKRQoG/5o3cD4pOupNbjDDNs\nTVLtTLIAIYDbph/j7pV/JnJ2WHcdk6WiVJoW/b8CgYAopLZzNmJ8jeR51D+fEYyU\nY5DqQj7Hn2L0zt8CoO6CCVToe03pI1lVYWKCk44rBQNkca51ZUKO9cum3BIDJ+Jj\npyCJmX1+geigIGEefIQ1AlIq464q0Knp1B4RZ25Vm0Y4v28UJ+BWmYI+sfbTaaAb\npZbyh5NfZc717aKp2x9ANQKBgHQpvOkUqVhIGVe6yLbjGCyJMstLjqyXHDRjhvEB\nG+nFWEcBK47Br+Adwdu57JwTD6ida3LMZlE8IDjtgBVE1VNJqahaACasNlrpDWdn\nDAeRn4Yi+TfCM4Zcsdhdj1qecGdgY5WJLTnxhEIOlkSnvPJWRMKhfKKSdKUdz4i9\nvVDhAoGAEHxfhFLVwdTa0RMUq3KYSXa5WqLANRn2e62Cc3eUWekcUjbIATRF5AIo\nm0WS+rURZWy1Fd6fGg8sRHock0+vxwqeP6OlyW4tJMhL33NrNbgyvkXlMMIX6bC4\nUq8aAew0B3j61UUsTqhHMhYwIS3GOIHx/O10wwINPnUMIVER3Wg=\n-----END RSA PRIVATE KEY-----",
            "public_certificate": "-----BEGIN CERTIFICATE-----\nMIICljCCAX4CCQCEpaMjTCJ8WzANBgkqhkiG9w0BAQsFADANMQswCQYDVQQGEwJV\nUzAeFw0yMTAxMTkyMTI2MjRaFw0yNDAxMTkyMTI2MjRaMA0xCzAJBgNVBAYTAlVT\nMIIBIjANBgkqhkiG9w0BAQEFAAOCAQ8AMIIBCgKCAQEAo83kaUQXpCcSoEuRVFX3\njztWDNKtWpjNG240f0RpERI1NnZtHH0qnZqfaWAQQa8kx3+W1LOeFbkkRnkJz19g\neIXR6TeavT+W5iRh4goK+N7gubYkSMa2shVf+XsoHKERSbhdhrtX+GqvKzAvplCt\nCgd4MDlsvLv/YHCLvJL4JgRxKyevjlnE1rqrICJMCLbbZMrIKTzwb/K13hGrm6Bc\n+Je9EC3MWWxd5jBwXu3vgIYRuGR4DPg/yfMKPZr2xFDLpBsv5jaqULS9t6GwoEBJ\nKN0NXp5obaQToYqMsvAZyHoEyfCBDka16Bm5hGF60FwqgUT3p/+qlBn61cAJe9t5\n8QIDAQABMA0GCSqGSIb3DQEBCwUAA4IBAQAX1rxV2hai02Pb4Cf8U44zj+1aY6wV\nLvOMWiL3zl53up4/X7PDcmWcPM9UMVCGTISZD6A6IPvNlkvbtvYCzgjhtGxDmrj7\nwTRV5gO9j3bAhxBO7XgTmwmD/9hpykM58nbhLFnkGf+Taja8qsy0U8H74Tr9w1M8\n8E5kghgGzBElNquM8AUuDakC1JL4aLO/VDMxe/1BLtmBHLZy3XTzVycjP9ZFPh6h\nT+cWJcVOjQSYY2U75sDnKD2Sg1cmK54HauA6SPh4kAkpmxyLyDZZjPBQe2sLFmmS\naZSE+g16yMR9TVHo3pTpRkxJwDEH0LePwYXA4vUIK3HHS6zgLe0ody8g\n-----END CERTIFICATE-----",
            "state": "SUCCEEDED",
            "timeouts": null
          },
          "private": "eyJlMmJmYjczMC1lY2FhLTExZTYtOGY4OC0zNDM2M2JjN2M0YzAiOnsiY3JlYXRlIjoxMjAwMDAwMDAwMDAwLCJkZWxldGUiOjEyMDAwMDAwMDAwMDAsInVwZGF0ZSI6MTIwMDAwMDAwMDAwMH19",
          "dependencies": [
            "oci_core_internet_gateway.internetgateway1",
            "oci_core_public_ip.test_reserved_ip",
            "oci_core_route_table.routetable1",
            "oci_core_security_list.securitylist1",
            "oci_core_subnet.subnet1",
            "oci_core_subnet.subnet2",
            "oci_core_vcn.vcn1",
            "oci_load_balancer.lb1"
          ]
        }
      ]
    },
    {
      "mode": "managed",
      "type": "oci_load_balancer_hostname",
      "name": "test_hostname1",
      "provider": "provider.oci",
      "instances": [
        {
          "schema_version": 0,
          "attributes": {
            "hostname": "app.example.com",
            "id": "loadBalancers/ocid1.loadbalancer.oc1.phx.aaaaaaaakyaql3auuplgsdzbn5b5s6737ow4rrskumvrqt76ghjc2dl6jpna/hostnames/hostname1",
            "load_balancer_id": "ocid1.loadbalancer.oc1.phx.aaaaaaaakyaql3auuplgsdzbn5b5s6737ow4rrskumvrqt76ghjc2dl6jpna",
            "name": "hostname1",
            "state": "SUCCEEDED",
            "timeouts": null
          },
          "private": "eyJlMmJmYjczMC1lY2FhLTExZTYtOGY4OC0zNDM2M2JjN2M0YzAiOnsiY3JlYXRlIjoxMjAwMDAwMDAwMDAwLCJkZWxldGUiOjEyMDAwMDAwMDAwMDAsInVwZGF0ZSI6MTIwMDAwMDAwMDAwMH19",
          "dependencies": [
            "oci_core_internet_gateway.internetgateway1",
            "oci_core_public_ip.test_reserved_ip",
            "oci_core_route_table.routetable1",
            "oci_core_security_list.securitylist1",
            "oci_core_subnet.subnet1",
            "oci_core_subnet.subnet2",
            "oci_core_vcn.vcn1",
            "oci_load_balancer.lb1"
          ]
        }
      ]
    },
    {
      "mode": "managed",
      "type": "oci_load_balancer_hostname",
      "name": "test_hostname2",
      "provider": "provider.oci",
      "instances": [
        {
          "schema_version": 0,
          "attributes": {
            "hostname": "app2.example.com",
            "id": "loadBalancers/ocid1.loadbalancer.oc1.phx.aaaaaaaakyaql3auuplgsdzbn5b5s6737ow4rrskumvrqt76ghjc2dl6jpna/hostnames/hostname2",
            "load_balancer_id": "ocid1.loadbalancer.oc1.phx.aaaaaaaakyaql3auuplgsdzbn5b5s6737ow4rrskumvrqt76ghjc2dl6jpna",
            "name": "hostname2",
            "state": "SUCCEEDED",
            "timeouts": null
          },
          "private": "eyJlMmJmYjczMC1lY2FhLTExZTYtOGY4OC0zNDM2M2JjN2M0YzAiOnsiY3JlYXRlIjoxMjAwMDAwMDAwMDAwLCJkZWxldGUiOjEyMDAwMDAwMDAwMDAsInVwZGF0ZSI6MTIwMDAwMDAwMDAwMH19",
          "dependencies": [
            "oci_core_internet_gateway.internetgateway1",
            "oci_core_public_ip.test_reserved_ip",
            "oci_core_route_table.routetable1",
            "oci_core_security_list.securitylist1",
            "oci_core_subnet.subnet1",
            "oci_core_subnet.subnet2",
            "oci_core_vcn.vcn1",
            "oci_load_balancer.lb1"
          ]
        }
      ]
    },
    {
      "mode": "managed",
      "type": "oci_load_balancer_listener",
      "name": "lb-listener1",
      "provider": "provider.oci",
      "instances": [
        {
          "schema_version": 0,
          "attributes": {
            "connection_configuration": [
              {
                "backend_tcp_proxy_protocol_version": 0,
                "idle_timeout_in_seconds": "2"
              }
            ],
            "default_backend_set_name": "lb-bes1",
            "hostname_names": [
              "hostname1",
              "hostname2"
            ],
            "id": "loadBalancers/ocid1.loadbalancer.oc1.phx.aaaaaaaakyaql3auuplgsdzbn5b5s6737ow4rrskumvrqt76ghjc2dl6jpna/listeners/http",
            "load_balancer_id": "ocid1.loadbalancer.oc1.phx.aaaaaaaakyaql3auuplgsdzbn5b5s6737ow4rrskumvrqt76ghjc2dl6jpna",
            "name": "http",
            "path_route_set_name": null,
            "port": 80,
            "protocol": "HTTP",
            "rule_set_names": [
              "example_rule_set_name"
            ],
            "ssl_configuration": [],
            "state": "SUCCEEDED",
            "timeouts": null
          },
          "private": "eyJlMmJmYjczMC1lY2FhLTExZTYtOGY4OC0zNDM2M2JjN2M0YzAiOnsiY3JlYXRlIjoxMjAwMDAwMDAwMDAwLCJkZWxldGUiOjEyMDAwMDAwMDAwMDAsInVwZGF0ZSI6MTIwMDAwMDAwMDAwMH19",
          "dependencies": [
            "oci_core_internet_gateway.internetgateway1",
            "oci_core_public_ip.test_reserved_ip",
            "oci_core_route_table.routetable1",
            "oci_core_security_list.securitylist1",
            "oci_core_subnet.subnet1",
            "oci_core_subnet.subnet2",
            "oci_core_vcn.vcn1",
            "oci_load_balancer.lb1",
            "oci_load_balancer_backend_set.lb-bes1",
            "oci_load_balancer_hostname.test_hostname1",
            "oci_load_balancer_hostname.test_hostname2",
            "oci_load_balancer_rule_set.test_rule_set"
          ]
        }
      ]
    },
    {
      "mode": "managed",
      "type": "oci_load_balancer_listener",
      "name": "lb-listener2",
      "provider": "provider.oci",
      "instances": [
        {
          "schema_version": 0,
          "attributes": {
            "connection_configuration": [
              {
                "backend_tcp_proxy_protocol_version": 0,
                "idle_timeout_in_seconds": "60"
              }
            ],
            "default_backend_set_name": "lb-bes1",
            "hostname_names": [
              "hostname1",
              "hostname2"
            ],
            "id": "loadBalancers/ocid1.loadbalancer.oc1.phx.aaaaaaaakyaql3auuplgsdzbn5b5s6737ow4rrskumvrqt76ghjc2dl6jpna/listeners/https",
            "load_balancer_id": "ocid1.loadbalancer.oc1.phx.aaaaaaaakyaql3auuplgsdzbn5b5s6737ow4rrskumvrqt76ghjc2dl6jpna",
            "name": "https",
            "path_route_set_name": null,
            "port": 443,
            "protocol": "HTTP",
            "rule_set_names": [],
            "ssl_configuration": [
              {
                "certificate_name": "certificate1",
                "cipher_suite_name": "test_cipher_name",
                "protocols": [
                  "TLSv1.1",
                  "TLSv1.2"
                ],
                "server_order_preference": "ENABLED",
                "verify_depth": 5,
                "verify_peer_certificate": false
              }
            ],
            "state": "SUCCEEDED",
            "timeouts": null
          },
          "private": "eyJlMmJmYjczMC1lY2FhLTExZTYtOGY4OC0zNDM2M2JjN2M0YzAiOnsiY3JlYXRlIjoxMjAwMDAwMDAwMDAwLCJkZWxldGUiOjEyMDAwMDAwMDAwMDAsInVwZGF0ZSI6MTIwMDAwMDAwMDAwMH19",
          "dependencies": [
            "oci_core_internet_gateway.internetgateway1",
            "oci_core_public_ip.test_reserved_ip",
            "oci_core_route_table.routetable1",
            "oci_core_security_list.securitylist1",
            "oci_core_subnet.subnet1",
            "oci_core_subnet.subnet2",
            "oci_core_vcn.vcn1",
            "oci_load_balancer.lb1",
            "oci_load_balancer_backend_set.lb-bes1",
            "oci_load_balancer_certificate.lb-cert1",
            "oci_load_balancer_hostname.test_hostname1",
            "oci_load_balancer_hostname.test_hostname2",
            "oci_load_balancer_ssl_cipher_suite.test_ssl_cipher_suite"
          ]
        }
      ]
    },
    {
      "mode": "managed",
      "type": "oci_load_balancer_path_route_set",
      "name": "test_path_route_set",
      "provider": "provider.oci",
      "instances": [
        {
          "schema_version": 0,
          "attributes": {
            "id": "loadBalancers/ocid1.loadbalancer.oc1.phx.aaaaaaaakyaql3auuplgsdzbn5b5s6737ow4rrskumvrqt76ghjc2dl6jpna/pathRouteSets/pr-set1",
            "load_balancer_id": "ocid1.loadbalancer.oc1.phx.aaaaaaaakyaql3auuplgsdzbn5b5s6737ow4rrskumvrqt76ghjc2dl6jpna",
            "name": "pr-set1",
            "path_routes": [
              {
                "backend_set_name": "lb-bes1",
                "path": "/example/video/123",
                "path_match_type": [
                  {
                    "match_type": "EXACT_MATCH"
                  }
                ]
              }
            ],
            "state": "SUCCEEDED",
            "timeouts": null
          },
          "private": "eyJlMmJmYjczMC1lY2FhLTExZTYtOGY4OC0zNDM2M2JjN2M0YzAiOnsiY3JlYXRlIjoxMjAwMDAwMDAwMDAwLCJkZWxldGUiOjEyMDAwMDAwMDAwMDAsInVwZGF0ZSI6MTIwMDAwMDAwMDAwMH19",
          "dependencies": [
            "oci_core_internet_gateway.internetgateway1",
            "oci_core_public_ip.test_reserved_ip",
            "oci_core_route_table.routetable1",
            "oci_core_security_list.securitylist1",
            "oci_core_subnet.subnet1",
            "oci_core_subnet.subnet2",
            "oci_core_vcn.vcn1",
            "oci_load_balancer.lb1",
            "oci_load_balancer_backend_set.lb-bes1"
          ]
        }
      ]
    },
    {
      "mode": "managed",
      "type": "oci_load_balancer_rule_set",
      "name": "test_rule_set",
      "provider": "provider.oci",
      "instances": [
        {
          "schema_version": 0,
          "attributes": {
            "id": "loadBalancers/ocid1.loadbalancer.oc1.phx.aaaaaaaakyaql3auuplgsdzbn5b5s6737ow4rrskumvrqt76ghjc2dl6jpna/ruleSets/example_rule_set_name",
            "items": [
              {
                "action": "ADD_HTTP_REQUEST_HEADER",
                "allowed_methods": [],
                "are_invalid_characters_allowed": false,
                "conditions": [],
                "description": "",
                "header": "example_header_name",
                "http_large_header_size_in_kb": 0,
                "prefix": "",
                "redirect_uri": [],
                "response_code": 0,
                "status_code": 0,
                "suffix": "",
                "value": "example_header_value"
              },
              {
                "action": "ALLOW",
                "allowed_methods": [],
                "are_invalid_characters_allowed": false,
                "conditions": [
                  {
                    "attribute_name": "SOURCE_VCN_ID",
                    "attribute_value": "ocid1.vcn.oc1.phx.amaaaaaajcdxrhqaljcc6bzncozdt37cm3elmh3md723fur2uduh3vybvohq",
                    "operator": ""
                  },
                  {
                    "attribute_name": "SOURCE_VCN_IP_ADDRESS",
                    "attribute_value": "10.10.1.0/24",
                    "operator": ""
                  }
                ],
                "description": "example vcn ACL",
                "header": "",
                "http_large_header_size_in_kb": 0,
                "prefix": "",
                "redirect_uri": [],
                "response_code": 0,
                "status_code": 0,
                "suffix": "",
                "value": ""
              },
              {
                "action": "CONTROL_ACCESS_USING_HTTP_METHODS",
                "allowed_methods": [
                  "GET",
                  "POST"
                ],
                "are_invalid_characters_allowed": false,
                "conditions": [],
                "description": "",
                "header": "",
                "http_large_header_size_in_kb": 0,
                "prefix": "",
                "redirect_uri": [],
                "response_code": 0,
                "status_code": 405,
                "suffix": "",
                "value": ""
              },
              {
                "action": "HTTP_HEADER",
                "allowed_methods": [],
                "are_invalid_characters_allowed": true,
                "conditions": [],
                "description": "",
                "header": "",
                "http_large_header_size_in_kb": 8,
                "prefix": "",
                "redirect_uri": [],
                "response_code": 0,
                "status_code": 0,
                "suffix": "",
                "value": ""
              },
              {
                "action": "REDIRECT",
                "allowed_methods": [],
                "are_invalid_characters_allowed": false,
                "conditions": [
                  {
                    "attribute_name": "PATH",
                    "attribute_value": "/example",
                    "operator": "FORCE_LONGEST_PREFIX_MATCH"
                  }
                ],
                "description": "",
                "header": "",
                "http_large_header_size_in_kb": 0,
                "prefix": "",
                "redirect_uri": [
                  {
                    "host": "in{host}",
                    "path": "{path}/video",
                    "port": 8081,
                    "protocol": "{protocol}",
                    "query": "?lang=en"
                  }
                ],
                "response_code": 302,
                "status_code": 0,
                "suffix": "",
                "value": ""
              }
            ],
            "load_balancer_id": "ocid1.loadbalancer.oc1.phx.aaaaaaaakyaql3auuplgsdzbn5b5s6737ow4rrskumvrqt76ghjc2dl6jpna",
            "name": "example_rule_set_name",
            "state": "SUCCEEDED",
            "timeouts": null
          },
          "private": "eyJlMmJmYjczMC1lY2FhLTExZTYtOGY4OC0zNDM2M2JjN2M0YzAiOnsiY3JlYXRlIjoxMjAwMDAwMDAwMDAwLCJkZWxldGUiOjEyMDAwMDAwMDAwMDAsInVwZGF0ZSI6MTIwMDAwMDAwMDAwMH19",
          "dependencies": [
            "oci_core_internet_gateway.internetgateway1",
            "oci_core_public_ip.test_reserved_ip",
            "oci_core_route_table.routetable1",
            "oci_core_security_list.securitylist1",
            "oci_core_subnet.subnet1",
            "oci_core_subnet.subnet2",
            "oci_core_vcn.vcn1",
            "oci_load_balancer.lb1"
          ]
        }
      ]
    },
    {
      "mode": "managed",
      "type": "oci_load_balancer_ssl_cipher_suite",
      "name": "test_ssl_cipher_suite",
      "provider": "provider.oci",
      "instances": [
        {
          "schema_version": 0,
          "attributes": {
            "ciphers": [
              "AES128-SHA",
              "AES256-SHA"
            ],
            "id": "loadBalancers/ocid1.loadbalancer.oc1.phx.aaaaaaaakyaql3auuplgsdzbn5b5s6737ow4rrskumvrqt76ghjc2dl6jpna/sslCipherSuites/test_cipher_name",
            "load_balancer_id": "ocid1.loadbalancer.oc1.phx.aaaaaaaakyaql3auuplgsdzbn5b5s6737ow4rrskumvrqt76ghjc2dl6jpna",
            "name": "test_cipher_name",
            "state": "SUCCEEDED",
            "timeouts": null
          },
          "private": "eyJlMmJmYjczMC1lY2FhLTExZTYtOGY4OC0zNDM2M2JjN2M0YzAiOnsiY3JlYXRlIjoxMjAwMDAwMDAwMDAwLCJkZWxldGUiOjEyMDAwMDAwMDAwMDAsInVwZGF0ZSI6MTIwMDAwMDAwMDAwMH19",
          "dependencies": [
            "oci_core_internet_gateway.internetgateway1",
            "oci_core_public_ip.test_reserved_ip",
            "oci_core_route_table.routetable1",
            "oci_core_security_list.securitylist1",
            "oci_core_subnet.subnet1",
            "oci_core_subnet.subnet2",
            "oci_core_vcn.vcn1",
            "oci_load_balancer.lb1"
          ]
        }
      ]
    }
  ]
}
